
Microsoft Visual Studio Solution File, Format Version 9.00
# Visual Studio 2005
# $Id: VC8WorkspaceCreator.pm 1938 2010-11-30 12:59:04Z elliott_c $
#
# This file was generated by MPC.  Any changes made directly to
# this file will be lost the next time it is generated.
#
# MPC Command:
# /tmp/DOC_ROOT/stage-14548/ACE_wrappers/bin/mwc.pl -type vc8 -recurse -hierarchy -relative ACE_ROOT=/tmp/DOC_ROOT/stage-14548/ACE_wrappers -relative TAO_ROOT=/tmp/DOC_ROOT/stage-14548/ACE_wrappers/TAO -relative CIAO_ROOT=/tmp/DOC_ROOT/stage-14548/ACE_wrappers/TAO/CIAO -relative DANCE_ROOT=/tmp/DOC_ROOT/stage-14548/ACE_wrappers/TAO/DAnCE -name_modifier "*_vc8"
Project("{8BC9CEB8-8B4A-11D0-8D11-00A0C91BC942}") = "QOS_Change_Receiver_FlowSpec_Receiver", "Change_Receiver_FlowSpec\QOS_Change_Receiver_FlowSpec_Receiver_vc8.vcproj", "{9984C96E-FECA-1BAD-0E85-EBA2C3BCE951}"
EndProject
Project("{8BC9CEB8-8B4A-11D0-8D11-00A0C91BC942}") = "QOS_Change_Receiver_FlowSpec_Sender", "Change_Receiver_FlowSpec\QOS_Change_Receiver_FlowSpec_Sender_vc8.vcproj", "{50288E5E-FECA-1BAD-0E85-EBA2C3BCE951}"
EndProject
Project("{8BC9CEB8-8B4A-11D0-8D11-00A0C91BC942}") = "QOS_Change_Sender_TSpec_Receiver", "Change_Sender_TSpec\QOS_Change_Sender_TSpec_Receiver_vc8.vcproj", "{37555BA2-FECA-1BAD-A054-796E2D70CA71}"
EndProject
Project("{8BC9CEB8-8B4A-11D0-8D11-00A0C91BC942}") = "QOS_Change_Sender_TSpec_Sender", "Change_Sender_TSpec\QOS_Change_Sender_TSpec_Sender_vc8.vcproj", "{9C865FCC-FECA-1BAD-A054-796E2D70CA71}"
EndProject
Project("{8BC9CEB8-8B4A-11D0-8D11-00A0C91BC942}") = "QOS_Diffserv_Client", "Diffserv\QOS_Diffserv_Client_vc8.vcproj", "{02355400-FECA-1BAD-083F-A5678D79EFEB}"
EndProject
Project("{8BC9CEB8-8B4A-11D0-8D11-00A0C91BC942}") = "QOS_Diffserv_Server", "Diffserv\QOS_Diffserv_Server_vc8.vcproj", "{880E3410-FECA-1BAD-083F-A5678D79EFEB}"
EndProject
Project("{8BC9CEB8-8B4A-11D0-8D11-00A0C91BC942}") = "QOS_Simple_Receiver", "Simple\QOS_Simple_Receiver_vc8.vcproj", "{34FCC2F0-FECA-1BAD-A3FD-E03CBCFDDE18}"
EndProject
Project("{8BC9CEB8-8B4A-11D0-8D11-00A0C91BC942}") = "QOS_Simple_Sender", "Simple\QOS_Simple_Sender_vc8.vcproj", "{CE85F655-FECA-1BAD-A3FD-E03CBCFDDE18}"
EndProject
Global
	GlobalSection(SolutionConfigurationPlatforms) = preSolution
		Debug|Win32 = Debug|Win32
		Debug|x64 = Debug|x64
		Release|Win32 = Release|Win32
		Release|x64 = Release|x64
	EndGlobalSection
	GlobalSection(ProjectConfigurationPlatforms) = postSolution
		{9984C96E-FECA-1BAD-0E85-EBA2C3BCE951}.Debug|Win32.ActiveCfg = Debug|Win32
		{9984C96E-FECA-1BAD-0E85-EBA2C3BCE951}.Debug|Win32.Build.0 = Debug|Win32
		{9984C96E-FECA-1BAD-0E85-EBA2C3BCE951}.Debug|x64.ActiveCfg = Debug|x64
		{9984C96E-FECA-1BAD-0E85-EBA2C3BCE951}.Debug|x64.Build.0 = Debug|x64
		{9984C96E-FECA-1BAD-0E85-EBA2C3BCE951}.Release|Win32.ActiveCfg = Release|Win32
		{9984C96E-FECA-1BAD-0E85-EBA2C3BCE951}.Release|Win32.Build.0 = Release|Win32
		{9984C96E-FECA-1BAD-0E85-EBA2C3BCE951}.Release|x64.ActiveCfg = Release|x64
		{9984C96E-FECA-1BAD-0E85-EBA2C3BCE951}.Release|x64.Build.0 = Release|x64
		{50288E5E-FECA-1BAD-0E85-EBA2C3BCE951}.Debug|Win32.ActiveCfg = Debug|Win32
		{50288E5E-FECA-1BAD-0E85-EBA2C3BCE951}.Debug|Win32.Build.0 = Debug|Win32
		{50288E5E-FECA-1BAD-0E85-EBA2C3BCE951}.Debug|x64.ActiveCfg = Debug|x64
		{50288E5E-FECA-1BAD-0E85-EBA2C3BCE951}.Debug|x64.Build.0 = Debug|x64
		{50288E5E-FECA-1BAD-0E85-EBA2C3BCE951}.Release|Win32.ActiveCfg = Release|Win32
		{50288E5E-FECA-1BAD-0E85-EBA2C3BCE951}.Release|Win32.Build.0 = Release|Win32
		{50288E5E-FECA-1BAD-0E85-EBA2C3BCE951}.Release|x64.ActiveCfg = Release|x64
		{50288E5E-FECA-1BAD-0E85-EBA2C3BCE951}.Release|x64.Build.0 = Release|x64
		{37555BA2-FECA-1BAD-A054-796E2D70CA71}.Debug|Win32.ActiveCfg = Debug|Win32
		{37555BA2-FECA-1BAD-A054-796E2D70CA71}.Debug|Win32.Build.0 = Debug|Win32
		{37555BA2-FECA-1BAD-A054-796E2D70CA71}.Debug|x64.ActiveCfg = Debug|x64
		{37555BA2-FECA-1BAD-A054-796E2D70CA71}.Debug|x64.Build.0 = Debug|x64
		{37555BA2-FECA-1BAD-A054-796E2D70CA71}.Release|Win32.ActiveCfg = Release|Win32
		{37555BA2-FECA-1BAD-A054-796E2D70CA71}.Release|Win32.Build.0 = Release|Win32
		{37555BA2-FECA-1BAD-A054-796E2D70CA71}.Release|x64.ActiveCfg = Release|x64
		{37555BA2-FECA-1BAD-A054-796E2D70CA71}.Release|x64.Build.0 = Release|x64
		{9C865FCC-FECA-1BAD-A054-796E2D70CA71}.Debug|Win32.ActiveCfg = Debug|Win32
		{9C865FCC-FECA-1BAD-A054-796E2D70CA71}.Debug|Win32.Build.0 = Debug|Win32
		{9C865FCC-FECA-1BAD-A054-796E2D70CA71}.Debug|x64.ActiveCfg = Debug|x64
		{9C865FCC-FECA-1BAD-A054-796E2D70CA71}.Debug|x64.Build.0 = Debug|x64
		{9C865FCC-FECA-1BAD-A054-796E2D70CA71}.Release|Win32.ActiveCfg = Release|Win32
		{9C865FCC-FECA-1BAD-A054-796E2D70CA71}.Release|Win32.Build.0 = Release|Win32
		{9C865FCC-FECA-1BAD-A054-796E2D70CA71}.Release|x64.ActiveCfg = Release|x64
		{9C865FCC-FECA-1BAD-A054-796E2D70CA71}.Release|x64.Build.0 = Release|x64
		{02355400-FECA-1BAD-083F-A5678D79EFEB}.Debug|Win32.ActiveCfg = Debug|Win32
		{02355400-FECA-1BAD-083F-A5678D79EFEB}.Debug|Win32.Build.0 = Debug|Win32
		{02355400-FECA-1BAD-083F-A5678D79EFEB}.Debug|x64.ActiveCfg = Debug|x64
		{02355400-FECA-1BAD-083F-A5678D79EFEB}.Debug|x64.Build.0 = Debug|x64
		{02355400-FECA-1BAD-083F-A5678D79EFEB}.Release|Win32.ActiveCfg = Release|Win32
		{02355400-FECA-1BAD-083F-A5678D79EFEB}.Release|Win32.Build.0 = Release|Win32
		{02355400-FECA-1BAD-083F-A5678D79EFEB}.Release|x64.ActiveCfg = Release|x64
		{02355400-FECA-1BAD-083F-A5678D79EFEB}.Release|x64.Build.0 = Release|x64
		{880E3410-FECA-1BAD-083F-A5678D79EFEB}.Debug|Win32.ActiveCfg = Debug|Win32
		{880E3410-FECA-1BAD-083F-A5678D79EFEB}.Debug|Win32.Build.0 = Debug|Win32
		{880E3410-FECA-1BAD-083F-A5678D79EFEB}.Debug|x64.ActiveCfg = Debug|x64
		{880E3410-FECA-1BAD-083F-A5678D79EFEB}.Debug|x64.Build.0 = Debug|x64
		{880E3410-FECA-1BAD-083F-A5678D79EFEB}.Release|Win32.ActiveCfg = Release|Win32
		{880E3410-FECA-1BAD-083F-A5678D79EFEB}.Release|Win32.Build.0 = Release|Win32
		{880E3410-FECA-1BAD-083F-A5678D79EFEB}.Release|x64.ActiveCfg = Release|x64
		{880E3410-FECA-1BAD-083F-A5678D79EFEB}.Release|x64.Build.0 = Release|x64
		{34FCC2F0-FECA-1BAD-A3FD-E03CBCFDDE18}.Debug|Win32.ActiveCfg = Debug|Win32
		{34FCC2F0-FECA-1BAD-A3FD-E03CBCFDDE18}.Debug|Win32.Build.0 = Debug|Win32
		{34FCC2F0-FECA-1BAD-A3FD-E03CBCFDDE18}.Debug|x64.ActiveCfg = Debug|x64
		{34FCC2F0-FECA-1BAD-A3FD-E03CBCFDDE18}.Debug|x64.Build.0 = Debug|x64
		{34FCC2F0-FECA-1BAD-A3FD-E03CBCFDDE18}.Release|Win32.ActiveCfg = Release|Win32
		{34FCC2F0-FECA-1BAD-A3FD-E03CBCFDDE18}.Release|Win32.Build.0 = Release|Win32
		{34FCC2F0-FECA-1BAD-A3FD-E03CBCFDDE18}.Release|x64.ActiveCfg = Release|x64
		{34FCC2F0-FECA-1BAD-A3FD-E03CBCFDDE18}.Release|x64.Build.0 = Release|x64
		{CE85F655-FECA-1BAD-A3FD-E03CBCFDDE18}.Debug|Win32.ActiveCfg = Debug|Win32
		{CE85F655-FECA-1BAD-A3FD-E03CBCFDDE18}.Debug|Win32.Build.0 = Debug|Win32
		{CE85F655-FECA-1BAD-A3FD-E03CBCFDDE18}.Debug|x64.ActiveCfg = Debug|x64
		{CE85F655-FECA-1BAD-A3FD-E03CBCFDDE18}.Debug|x64.Build.0 = Debug|x64
		{CE85F655-FECA-1BAD-A3FD-E03CBCFDDE18}.Release|Win32.ActiveCfg = Release|Win32
		{CE85F655-FECA-1BAD-A3FD-E03CBCFDDE18}.Release|Win32.Build.0 = Release|Win32
		{CE85F655-FECA-1BAD-A3FD-E03CBCFDDE18}.Release|x64.ActiveCfg = Release|x64
		{CE85F655-FECA-1BAD-A3FD-E03CBCFDDE18}.Release|x64.Build.0 = Release|x64
	EndGlobalSection
	GlobalSection(SolutionProperties) = preSolution
		HideSolutionNode = FALSE
	EndGlobalSection
EndGlobal
