
Microsoft Visual Studio Solution File, Format Version 9.00
# Visual Studio 2005
# $Id: VC8WorkspaceCreator.pm 1938 2010-11-30 12:59:04Z elliott_c $
#
# This file was generated by MPC.  Any changes made directly to
# this file will be lost the next time it is generated.
#
# MPC Command:
# /tmp/DOC_ROOT/stage-14548/ACE_wrappers/bin/mwc.pl -type vc8 -recurse -hierarchy -relative ACE_ROOT=/tmp/DOC_ROOT/stage-14548/ACE_wrappers -relative TAO_ROOT=/tmp/DOC_ROOT/stage-14548/ACE_wrappers/TAO -relative CIAO_ROOT=/tmp/DOC_ROOT/stage-14548/ACE_wrappers/TAO/CIAO -relative DANCE_ROOT=/tmp/DOC_ROOT/stage-14548/ACE_wrappers/TAO/DAnCE -name_modifier "*_vc8"
Project("{8BC9CEB8-8B4A-11D0-8D11-00A0C91BC942}") = "Svc_Cfg_IPC_Client_Bcast", "Svc_Cfg_IPC_Client_Bcast_vc8.vcproj", "{ECCDBDC1-FECA-1BAD-DD12-8A69A8383EB6}"
EndProject
Project("{8BC9CEB8-8B4A-11D0-8D11-00A0C91BC942}") = "Svc_Cfg_IPC_Client_Loc_Dgram", "Svc_Cfg_IPC_Client_Loc_Dgram_vc8.vcproj", "{5818555C-FECA-1BAD-DD12-8A69A8383EB6}"
EndProject
Project("{8BC9CEB8-8B4A-11D0-8D11-00A0C91BC942}") = "Svc_Cfg_IPC_Client_Loc_Fifo", "Svc_Cfg_IPC_Client_Loc_Fifo_vc8.vcproj", "{C4E16606-FECA-1BAD-DD12-8A69A8383EB6}"
EndProject
Project("{8BC9CEB8-8B4A-11D0-8D11-00A0C91BC942}") = "Svc_Cfg_IPC_Client_Loc_Pipe", "Svc_Cfg_IPC_Client_Loc_Pipe_vc8.vcproj", "{D2F7C606-FECA-1BAD-DD12-8A69A8383EB6}"
EndProject
Project("{8BC9CEB8-8B4A-11D0-8D11-00A0C91BC942}") = "Svc_Cfg_IPC_Client_Loc_Spipe", "Svc_Cfg_IPC_Client_Loc_Spipe_vc8.vcproj", "{3EB9D55D-FECA-1BAD-DD12-8A69A8383EB6}"
EndProject
Project("{8BC9CEB8-8B4A-11D0-8D11-00A0C91BC942}") = "Svc_Cfg_IPC_Client_Loc_Stream", "Svc_Cfg_IPC_Client_Loc_Stream_vc8.vcproj", "{888960E3-FECA-1BAD-DD12-8A69A8383EB6}"
EndProject
Project("{8BC9CEB8-8B4A-11D0-8D11-00A0C91BC942}") = "Svc_Cfg_IPC_Client_Rem_Dgram", "Svc_Cfg_IPC_Client_Rem_Dgram_vc8.vcproj", "{5819BFBC-FECA-1BAD-DD12-8A69A8383EB6}"
EndProject
Project("{8BC9CEB8-8B4A-11D0-8D11-00A0C91BC942}") = "Svc_Cfg_IPC_Client_Rem_Stream", "Svc_Cfg_IPC_Client_Rem_Stream_vc8.vcproj", "{8897CEE3-FECA-1BAD-DD12-8A69A8383EB6}"
EndProject
Project("{8BC9CEB8-8B4A-11D0-8D11-00A0C91BC942}") = "Svc_Cfg_IPC_Client_Rem_Svc_Dir", "Svc_Cfg_IPC_Client_Rem_Svc_Dir_vc8.vcproj", "{98692B0B-FECA-1BAD-DD12-8A69A8383EB6}"
EndProject
Project("{8BC9CEB8-8B4A-11D0-8D11-00A0C91BC942}") = "Svc_Cfg_IPC_Client_Rem_Thr_Stream", "Svc_Cfg_IPC_Client_Rem_Thr_Stream_vc8.vcproj", "{AF4C1E9A-FECA-1BAD-DD12-8A69A8383EB6}"
EndProject
Global
	GlobalSection(SolutionConfigurationPlatforms) = preSolution
		Debug|Win32 = Debug|Win32
		Debug|x64 = Debug|x64
		Release|Win32 = Release|Win32
		Release|x64 = Release|x64
	EndGlobalSection
	GlobalSection(ProjectConfigurationPlatforms) = postSolution
		{ECCDBDC1-FECA-1BAD-DD12-8A69A8383EB6}.Debug|Win32.ActiveCfg = Debug|Win32
		{ECCDBDC1-FECA-1BAD-DD12-8A69A8383EB6}.Debug|Win32.Build.0 = Debug|Win32
		{ECCDBDC1-FECA-1BAD-DD12-8A69A8383EB6}.Debug|x64.ActiveCfg = Debug|x64
		{ECCDBDC1-FECA-1BAD-DD12-8A69A8383EB6}.Debug|x64.Build.0 = Debug|x64
		{ECCDBDC1-FECA-1BAD-DD12-8A69A8383EB6}.Release|Win32.ActiveCfg = Release|Win32
		{ECCDBDC1-FECA-1BAD-DD12-8A69A8383EB6}.Release|Win32.Build.0 = Release|Win32
		{ECCDBDC1-FECA-1BAD-DD12-8A69A8383EB6}.Release|x64.ActiveCfg = Release|x64
		{ECCDBDC1-FECA-1BAD-DD12-8A69A8383EB6}.Release|x64.Build.0 = Release|x64
		{5818555C-FECA-1BAD-DD12-8A69A8383EB6}.Debug|Win32.ActiveCfg = Debug|Win32
		{5818555C-FECA-1BAD-DD12-8A69A8383EB6}.Debug|Win32.Build.0 = Debug|Win32
		{5818555C-FECA-1BAD-DD12-8A69A8383EB6}.Debug|x64.ActiveCfg = Debug|x64
		{5818555C-FECA-1BAD-DD12-8A69A8383EB6}.Debug|x64.Build.0 = Debug|x64
		{5818555C-FECA-1BAD-DD12-8A69A8383EB6}.Release|Win32.ActiveCfg = Release|Win32
		{5818555C-FECA-1BAD-DD12-8A69A8383EB6}.Release|Win32.Build.0 = Release|Win32
		{5818555C-FECA-1BAD-DD12-8A69A8383EB6}.Release|x64.ActiveCfg = Release|x64
		{5818555C-FECA-1BAD-DD12-8A69A8383EB6}.Release|x64.Build.0 = Release|x64
		{C4E16606-FECA-1BAD-DD12-8A69A8383EB6}.Debug|Win32.ActiveCfg = Debug|Win32
		{C4E16606-FECA-1BAD-DD12-8A69A8383EB6}.Debug|Win32.Build.0 = Debug|Win32
		{C4E16606-FECA-1BAD-DD12-8A69A8383EB6}.Debug|x64.ActiveCfg = Debug|x64
		{C4E16606-FECA-1BAD-DD12-8A69A8383EB6}.Debug|x64.Build.0 = Debug|x64
		{C4E16606-FECA-1BAD-DD12-8A69A8383EB6}.Release|Win32.ActiveCfg = Release|Win32
		{C4E16606-FECA-1BAD-DD12-8A69A8383EB6}.Release|Win32.Build.0 = Release|Win32
		{C4E16606-FECA-1BAD-DD12-8A69A8383EB6}.Release|x64.ActiveCfg = Release|x64
		{C4E16606-FECA-1BAD-DD12-8A69A8383EB6}.Release|x64.Build.0 = Release|x64
		{D2F7C606-FECA-1BAD-DD12-8A69A8383EB6}.Debug|Win32.ActiveCfg = Debug|Win32
		{D2F7C606-FECA-1BAD-DD12-8A69A8383EB6}.Debug|Win32.Build.0 = Debug|Win32
		{D2F7C606-FECA-1BAD-DD12-8A69A8383EB6}.Debug|x64.ActiveCfg = Debug|x64
		{D2F7C606-FECA-1BAD-DD12-8A69A8383EB6}.Debug|x64.Build.0 = Debug|x64
		{D2F7C606-FECA-1BAD-DD12-8A69A8383EB6}.Release|Win32.ActiveCfg = Release|Win32
		{D2F7C606-FECA-1BAD-DD12-8A69A8383EB6}.Release|Win32.Build.0 = Release|Win32
		{D2F7C606-FECA-1BAD-DD12-8A69A8383EB6}.Release|x64.ActiveCfg = Release|x64
		{D2F7C606-FECA-1BAD-DD12-8A69A8383EB6}.Release|x64.Build.0 = Release|x64
		{3EB9D55D-FECA-1BAD-DD12-8A69A8383EB6}.Debug|Win32.ActiveCfg = Debug|Win32
		{3EB9D55D-FECA-1BAD-DD12-8A69A8383EB6}.Debug|Win32.Build.0 = Debug|Win32
		{3EB9D55D-FECA-1BAD-DD12-8A69A8383EB6}.Debug|x64.ActiveCfg = Debug|x64
		{3EB9D55D-FECA-1BAD-DD12-8A69A8383EB6}.Debug|x64.Build.0 = Debug|x64
		{3EB9D55D-FECA-1BAD-DD12-8A69A8383EB6}.Release|Win32.ActiveCfg = Release|Win32
		{3EB9D55D-FECA-1BAD-DD12-8A69A8383EB6}.Release|Win32.Build.0 = Release|Win32
		{3EB9D55D-FECA-1BAD-DD12-8A69A8383EB6}.Release|x64.ActiveCfg = Release|x64
		{3EB9D55D-FECA-1BAD-DD12-8A69A8383EB6}.Release|x64.Build.0 = Release|x64
		{888960E3-FECA-1BAD-DD12-8A69A8383EB6}.Debug|Win32.ActiveCfg = Debug|Win32
		{888960E3-FECA-1BAD-DD12-8A69A8383EB6}.Debug|Win32.Build.0 = Debug|Win32
		{888960E3-FECA-1BAD-DD12-8A69A8383EB6}.Debug|x64.ActiveCfg = Debug|x64
		{888960E3-FECA-1BAD-DD12-8A69A8383EB6}.Debug|x64.Build.0 = Debug|x64
		{888960E3-FECA-1BAD-DD12-8A69A8383EB6}.Release|Win32.ActiveCfg = Release|Win32
		{888960E3-FECA-1BAD-DD12-8A69A8383EB6}.Release|Win32.Build.0 = Release|Win32
		{888960E3-FECA-1BAD-DD12-8A69A8383EB6}.Release|x64.ActiveCfg = Release|x64
		{888960E3-FECA-1BAD-DD12-8A69A8383EB6}.Release|x64.Build.0 = Release|x64
		{5819BFBC-FECA-1BAD-DD12-8A69A8383EB6}.Debug|Win32.ActiveCfg = Debug|Win32
		{5819BFBC-FECA-1BAD-DD12-8A69A8383EB6}.Debug|Win32.Build.0 = Debug|Win32
		{5819BFBC-FECA-1BAD-DD12-8A69A8383EB6}.Debug|x64.ActiveCfg = Debug|x64
		{5819BFBC-FECA-1BAD-DD12-8A69A8383EB6}.Debug|x64.Build.0 = Debug|x64
		{5819BFBC-FECA-1BAD-DD12-8A69A8383EB6}.Release|Win32.ActiveCfg = Release|Win32
		{5819BFBC-FECA-1BAD-DD12-8A69A8383EB6}.Release|Win32.Build.0 = Release|Win32
		{5819BFBC-FECA-1BAD-DD12-8A69A8383EB6}.Release|x64.ActiveCfg = Release|x64
		{5819BFBC-FECA-1BAD-DD12-8A69A8383EB6}.Release|x64.Build.0 = Release|x64
		{8897CEE3-FECA-1BAD-DD12-8A69A8383EB6}.Debug|Win32.ActiveCfg = Debug|Win32
		{8897CEE3-FECA-1BAD-DD12-8A69A8383EB6}.Debug|Win32.Build.0 = Debug|Win32
		{8897CEE3-FECA-1BAD-DD12-8A69A8383EB6}.Debug|x64.ActiveCfg = Debug|x64
		{8897CEE3-FECA-1BAD-DD12-8A69A8383EB6}.Debug|x64.Build.0 = Debug|x64
		{8897CEE3-FECA-1BAD-DD12-8A69A8383EB6}.Release|Win32.ActiveCfg = Release|Win32
		{8897CEE3-FECA-1BAD-DD12-8A69A8383EB6}.Release|Win32.Build.0 = Release|Win32
		{8897CEE3-FECA-1BAD-DD12-8A69A8383EB6}.Release|x64.ActiveCfg = Release|x64
		{8897CEE3-FECA-1BAD-DD12-8A69A8383EB6}.Release|x64.Build.0 = Release|x64
		{98692B0B-FECA-1BAD-DD12-8A69A8383EB6}.Debug|Win32.ActiveCfg = Debug|Win32
		{98692B0B-FECA-1BAD-DD12-8A69A8383EB6}.Debug|Win32.Build.0 = Debug|Win32
		{98692B0B-FECA-1BAD-DD12-8A69A8383EB6}.Debug|x64.ActiveCfg = Debug|x64
		{98692B0B-FECA-1BAD-DD12-8A69A8383EB6}.Debug|x64.Build.0 = Debug|x64
		{98692B0B-FECA-1BAD-DD12-8A69A8383EB6}.Release|Win32.ActiveCfg = Release|Win32
		{98692B0B-FECA-1BAD-DD12-8A69A8383EB6}.Release|Win32.Build.0 = Release|Win32
		{98692B0B-FECA-1BAD-DD12-8A69A8383EB6}.Release|x64.ActiveCfg = Release|x64
		{98692B0B-FECA-1BAD-DD12-8A69A8383EB6}.Release|x64.Build.0 = Release|x64
		{AF4C1E9A-FECA-1BAD-DD12-8A69A8383EB6}.Debug|Win32.ActiveCfg = Debug|Win32
		{AF4C1E9A-FECA-1BAD-DD12-8A69A8383EB6}.Debug|Win32.Build.0 = Debug|Win32
		{AF4C1E9A-FECA-1BAD-DD12-8A69A8383EB6}.Debug|x64.ActiveCfg = Debug|x64
		{AF4C1E9A-FECA-1BAD-DD12-8A69A8383EB6}.Debug|x64.Build.0 = Debug|x64
		{AF4C1E9A-FECA-1BAD-DD12-8A69A8383EB6}.Release|Win32.ActiveCfg = Release|Win32
		{AF4C1E9A-FECA-1BAD-DD12-8A69A8383EB6}.Release|Win32.Build.0 = Release|Win32
		{AF4C1E9A-FECA-1BAD-DD12-8A69A8383EB6}.Release|x64.ActiveCfg = Release|x64
		{AF4C1E9A-FECA-1BAD-DD12-8A69A8383EB6}.Release|x64.Build.0 = Release|x64
	EndGlobalSection
	GlobalSection(SolutionProperties) = preSolution
		HideSolutionNode = FALSE
	EndGlobalSection
EndGlobal
