
Microsoft Visual Studio Solution File, Format Version 9.00
# Visual Studio 2005
# $Id: VC8WorkspaceCreator.pm 1938 2010-11-30 12:59:04Z elliott_c $
#
# This file was generated by MPC.  Any changes made directly to
# this file will be lost the next time it is generated.
#
# MPC Command:
# /tmp/DOC_ROOT/stage-14548/ACE_wrappers/bin/mwc.pl -type vc8 -recurse -hierarchy -relative ACE_ROOT=/tmp/DOC_ROOT/stage-14548/ACE_wrappers -relative TAO_ROOT=/tmp/DOC_ROOT/stage-14548/ACE_wrappers/TAO -relative CIAO_ROOT=/tmp/DOC_ROOT/stage-14548/ACE_wrappers/TAO/CIAO -relative DANCE_ROOT=/tmp/DOC_ROOT/stage-14548/ACE_wrappers/TAO/DAnCE -name_modifier "*_vc8"
Project("{8BC9CEB8-8B4A-11D0-8D11-00A0C91BC942}") = "Misc_Basic_Perf", "Misc_Basic_Perf_vc8.vcproj", "{59942DD2-FECA-1BAD-BE51-8A67F3FC84F5}"
EndProject
Project("{8BC9CEB8-8B4A-11D0-8D11-00A0C91BC942}") = "Misc_Childbirth_Time", "Misc_Childbirth_Time_vc8.vcproj", "{BA3EF2E9-FECA-1BAD-BE51-8A67F3FC84F5}"
EndProject
Project("{8BC9CEB8-8B4A-11D0-8D11-00A0C91BC942}") = "Misc_Context_Switch_Time", "Misc_Context_Switch_Time_vc8.vcproj", "{7AE7470D-FECA-1BAD-BE51-8A67F3FC84F5}"
EndProject
Project("{8BC9CEB8-8B4A-11D0-8D11-00A0C91BC942}") = "Misc_Preempt", "Misc_Preempt_vc8.vcproj", "{D14606EE-FECA-1BAD-BE51-8A67F3FC84F5}"
EndProject
Project("{8BC9CEB8-8B4A-11D0-8D11-00A0C91BC942}") = "Misc_Test_Guard", "Misc_Test_Guard_vc8.vcproj", "{FCC24C3F-FECA-1BAD-BE51-8A67F3FC84F5}"
EndProject
Project("{8BC9CEB8-8B4A-11D0-8D11-00A0C91BC942}") = "Misc_Test_Mutex", "Misc_Test_Mutex_vc8.vcproj", "{5D848C3F-FECA-1BAD-BE51-8A67F3FC84F5}"
EndProject
Project("{8BC9CEB8-8B4A-11D0-8D11-00A0C91BC942}") = "Misc_Test_Naming", "Misc_Test_Naming_vc8.vcproj", "{B8DE56C7-FECA-1BAD-BE51-8A67F3FC84F5}"
EndProject
Project("{8BC9CEB8-8B4A-11D0-8D11-00A0C91BC942}") = "Misc_Test_Singleton", "Misc_Test_Singleton_vc8.vcproj", "{2B89C5B9-FECA-1BAD-BE51-8A67F3FC84F5}"
EndProject
Global
	GlobalSection(SolutionConfigurationPlatforms) = preSolution
		Debug|Win32 = Debug|Win32
		Debug|x64 = Debug|x64
		Release|Win32 = Release|Win32
		Release|x64 = Release|x64
	EndGlobalSection
	GlobalSection(ProjectConfigurationPlatforms) = postSolution
		{59942DD2-FECA-1BAD-BE51-8A67F3FC84F5}.Debug|Win32.ActiveCfg = Debug|Win32
		{59942DD2-FECA-1BAD-BE51-8A67F3FC84F5}.Debug|Win32.Build.0 = Debug|Win32
		{59942DD2-FECA-1BAD-BE51-8A67F3FC84F5}.Debug|x64.ActiveCfg = Debug|x64
		{59942DD2-FECA-1BAD-BE51-8A67F3FC84F5}.Debug|x64.Build.0 = Debug|x64
		{59942DD2-FECA-1BAD-BE51-8A67F3FC84F5}.Release|Win32.ActiveCfg = Release|Win32
		{59942DD2-FECA-1BAD-BE51-8A67F3FC84F5}.Release|Win32.Build.0 = Release|Win32
		{59942DD2-FECA-1BAD-BE51-8A67F3FC84F5}.Release|x64.ActiveCfg = Release|x64
		{59942DD2-FECA-1BAD-BE51-8A67F3FC84F5}.Release|x64.Build.0 = Release|x64
		{BA3EF2E9-FECA-1BAD-BE51-8A67F3FC84F5}.Debug|Win32.ActiveCfg = Debug|Win32
		{BA3EF2E9-FECA-1BAD-BE51-8A67F3FC84F5}.Debug|Win32.Build.0 = Debug|Win32
		{BA3EF2E9-FECA-1BAD-BE51-8A67F3FC84F5}.Debug|x64.ActiveCfg = Debug|x64
		{BA3EF2E9-FECA-1BAD-BE51-8A67F3FC84F5}.Debug|x64.Build.0 = Debug|x64
		{BA3EF2E9-FECA-1BAD-BE51-8A67F3FC84F5}.Release|Win32.ActiveCfg = Release|Win32
		{BA3EF2E9-FECA-1BAD-BE51-8A67F3FC84F5}.Release|Win32.Build.0 = Release|Win32
		{BA3EF2E9-FECA-1BAD-BE51-8A67F3FC84F5}.Release|x64.ActiveCfg = Release|x64
		{BA3EF2E9-FECA-1BAD-BE51-8A67F3FC84F5}.Release|x64.Build.0 = Release|x64
		{7AE7470D-FECA-1BAD-BE51-8A67F3FC84F5}.Debug|Win32.ActiveCfg = Debug|Win32
		{7AE7470D-FECA-1BAD-BE51-8A67F3FC84F5}.Debug|Win32.Build.0 = Debug|Win32
		{7AE7470D-FECA-1BAD-BE51-8A67F3FC84F5}.Debug|x64.ActiveCfg = Debug|x64
		{7AE7470D-FECA-1BAD-BE51-8A67F3FC84F5}.Debug|x64.Build.0 = Debug|x64
		{7AE7470D-FECA-1BAD-BE51-8A67F3FC84F5}.Release|Win32.ActiveCfg = Release|Win32
		{7AE7470D-FECA-1BAD-BE51-8A67F3FC84F5}.Release|Win32.Build.0 = Release|Win32
		{7AE7470D-FECA-1BAD-BE51-8A67F3FC84F5}.Release|x64.ActiveCfg = Release|x64
		{7AE7470D-FECA-1BAD-BE51-8A67F3FC84F5}.Release|x64.Build.0 = Release|x64
		{D14606EE-FECA-1BAD-BE51-8A67F3FC84F5}.Debug|Win32.ActiveCfg = Debug|Win32
		{D14606EE-FECA-1BAD-BE51-8A67F3FC84F5}.Debug|Win32.Build.0 = Debug|Win32
		{D14606EE-FECA-1BAD-BE51-8A67F3FC84F5}.Debug|x64.ActiveCfg = Debug|x64
		{D14606EE-FECA-1BAD-BE51-8A67F3FC84F5}.Debug|x64.Build.0 = Debug|x64
		{D14606EE-FECA-1BAD-BE51-8A67F3FC84F5}.Release|Win32.ActiveCfg = Release|Win32
		{D14606EE-FECA-1BAD-BE51-8A67F3FC84F5}.Release|Win32.Build.0 = Release|Win32
		{D14606EE-FECA-1BAD-BE51-8A67F3FC84F5}.Release|x64.ActiveCfg = Release|x64
		{D14606EE-FECA-1BAD-BE51-8A67F3FC84F5}.Release|x64.Build.0 = Release|x64
		{FCC24C3F-FECA-1BAD-BE51-8A67F3FC84F5}.Debug|Win32.ActiveCfg = Debug|Win32
		{FCC24C3F-FECA-1BAD-BE51-8A67F3FC84F5}.Debug|Win32.Build.0 = Debug|Win32
		{FCC24C3F-FECA-1BAD-BE51-8A67F3FC84F5}.Debug|x64.ActiveCfg = Debug|x64
		{FCC24C3F-FECA-1BAD-BE51-8A67F3FC84F5}.Debug|x64.Build.0 = Debug|x64
		{FCC24C3F-FECA-1BAD-BE51-8A67F3FC84F5}.Release|Win32.ActiveCfg = Release|Win32
		{FCC24C3F-FECA-1BAD-BE51-8A67F3FC84F5}.Release|Win32.Build.0 = Release|Win32
		{FCC24C3F-FECA-1BAD-BE51-8A67F3FC84F5}.Release|x64.ActiveCfg = Release|x64
		{FCC24C3F-FECA-1BAD-BE51-8A67F3FC84F5}.Release|x64.Build.0 = Release|x64
		{5D848C3F-FECA-1BAD-BE51-8A67F3FC84F5}.Debug|Win32.ActiveCfg = Debug|Win32
		{5D848C3F-FECA-1BAD-BE51-8A67F3FC84F5}.Debug|Win32.Build.0 = Debug|Win32
		{5D848C3F-FECA-1BAD-BE51-8A67F3FC84F5}.Debug|x64.ActiveCfg = Debug|x64
		{5D848C3F-FECA-1BAD-BE51-8A67F3FC84F5}.Debug|x64.Build.0 = Debug|x64
		{5D848C3F-FECA-1BAD-BE51-8A67F3FC84F5}.Release|Win32.ActiveCfg = Release|Win32
		{5D848C3F-FECA-1BAD-BE51-8A67F3FC84F5}.Release|Win32.Build.0 = Release|Win32
		{5D848C3F-FECA-1BAD-BE51-8A67F3FC84F5}.Release|x64.ActiveCfg = Release|x64
		{5D848C3F-FECA-1BAD-BE51-8A67F3FC84F5}.Release|x64.Build.0 = Release|x64
		{B8DE56C7-FECA-1BAD-BE51-8A67F3FC84F5}.Debug|Win32.ActiveCfg = Debug|Win32
		{B8DE56C7-FECA-1BAD-BE51-8A67F3FC84F5}.Debug|Win32.Build.0 = Debug|Win32
		{B8DE56C7-FECA-1BAD-BE51-8A67F3FC84F5}.Debug|x64.ActiveCfg = Debug|x64
		{B8DE56C7-FECA-1BAD-BE51-8A67F3FC84F5}.Debug|x64.Build.0 = Debug|x64
		{B8DE56C7-FECA-1BAD-BE51-8A67F3FC84F5}.Release|Win32.ActiveCfg = Release|Win32
		{B8DE56C7-FECA-1BAD-BE51-8A67F3FC84F5}.Release|Win32.Build.0 = Release|Win32
		{B8DE56C7-FECA-1BAD-BE51-8A67F3FC84F5}.Release|x64.ActiveCfg = Release|x64
		{B8DE56C7-FECA-1BAD-BE51-8A67F3FC84F5}.Release|x64.Build.0 = Release|x64
		{2B89C5B9-FECA-1BAD-BE51-8A67F3FC84F5}.Debug|Win32.ActiveCfg = Debug|Win32
		{2B89C5B9-FECA-1BAD-BE51-8A67F3FC84F5}.Debug|Win32.Build.0 = Debug|Win32
		{2B89C5B9-FECA-1BAD-BE51-8A67F3FC84F5}.Debug|x64.ActiveCfg = Debug|x64
		{2B89C5B9-FECA-1BAD-BE51-8A67F3FC84F5}.Debug|x64.Build.0 = Debug|x64
		{2B89C5B9-FECA-1BAD-BE51-8A67F3FC84F5}.Release|Win32.ActiveCfg = Release|Win32
		{2B89C5B9-FECA-1BAD-BE51-8A67F3FC84F5}.Release|Win32.Build.0 = Release|Win32
		{2B89C5B9-FECA-1BAD-BE51-8A67F3FC84F5}.Release|x64.ActiveCfg = Release|x64
		{2B89C5B9-FECA-1BAD-BE51-8A67F3FC84F5}.Release|x64.Build.0 = Release|x64
	EndGlobalSection
	GlobalSection(SolutionProperties) = preSolution
		HideSolutionNode = FALSE
	EndGlobalSection
EndGlobal
