
Microsoft Visual Studio Solution File, Format Version 9.00
# Visual Studio 2005
# $Id: VC8WorkspaceCreator.pm 1938 2010-11-30 12:59:04Z elliott_c $
#
# This file was generated by MPC.  Any changes made directly to
# this file will be lost the next time it is generated.
#
# MPC Command:
# /tmp/DOC_ROOT/stage-14548/ACE_wrappers/bin/mwc.pl -type vc8 -recurse -hierarchy -relative ACE_ROOT=/tmp/DOC_ROOT/stage-14548/ACE_wrappers -relative TAO_ROOT=/tmp/DOC_ROOT/stage-14548/ACE_wrappers/TAO -relative CIAO_ROOT=/tmp/DOC_ROOT/stage-14548/ACE_wrappers/TAO/CIAO -relative DANCE_ROOT=/tmp/DOC_ROOT/stage-14548/ACE_wrappers/TAO/DAnCE -name_modifier "*_vc8"
Project("{8BC9CEB8-8B4A-11D0-8D11-00A0C91BC942}") = "Threads_Auto_Event", "Threads_Auto_Event_vc8.vcproj", "{BFD9BA06-FECA-1BAD-3731-D8978C8E5D14}"
EndProject
Project("{8BC9CEB8-8B4A-11D0-8D11-00A0C91BC942}") = "Threads_Barrier1", "Threads_Barrier1_vc8.vcproj", "{D113DA0B-FECA-1BAD-3731-D8978C8E5D14}"
EndProject
Project("{8BC9CEB8-8B4A-11D0-8D11-00A0C91BC942}") = "Threads_Barrier2", "Threads_Barrier2_vc8.vcproj", "{D113EA0B-FECA-1BAD-3731-D8978C8E5D14}"
EndProject
Project("{8BC9CEB8-8B4A-11D0-8D11-00A0C91BC942}") = "Threads_Cancel", "Threads_Cancel_vc8.vcproj", "{2560DA7D-FECA-1BAD-3731-D8978C8E5D14}"
EndProject
Project("{8BC9CEB8-8B4A-11D0-8D11-00A0C91BC942}") = "Threads_Future1", "Threads_Future1_vc8.vcproj", "{D83152A7-FECA-1BAD-3731-D8978C8E5D14}"
EndProject
Project("{8BC9CEB8-8B4A-11D0-8D11-00A0C91BC942}") = "Threads_Future2", "Threads_Future2_vc8.vcproj", "{D83162A7-FECA-1BAD-3731-D8978C8E5D14}"
EndProject
Project("{8BC9CEB8-8B4A-11D0-8D11-00A0C91BC942}") = "Threads_Manual_Event", "Threads_Manual_Event_vc8.vcproj", "{60B06C37-FECA-1BAD-3731-D8978C8E5D14}"
EndProject
Project("{8BC9CEB8-8B4A-11D0-8D11-00A0C91BC942}") = "Threads_Process_Mutex", "Threads_Process_Mutex_vc8.vcproj", "{50F0FB9E-FECA-1BAD-3731-D8978C8E5D14}"
EndProject
Project("{8BC9CEB8-8B4A-11D0-8D11-00A0C91BC942}") = "Threads_Process_Semaphore", "Threads_Process_Semaphore_vc8.vcproj", "{908574FA-FECA-1BAD-3731-D8978C8E5D14}"
EndProject
Project("{8BC9CEB8-8B4A-11D0-8D11-00A0C91BC942}") = "Threads_Reader_Writer", "Threads_Reader_Writer_vc8.vcproj", "{8B175855-FECA-1BAD-3731-D8978C8E5D14}"
EndProject
Project("{8BC9CEB8-8B4A-11D0-8D11-00A0C91BC942}") = "Threads_Recursive_Mutex", "Threads_Recursive_Mutex_vc8.vcproj", "{0A0023FD-FECA-1BAD-3731-D8978C8E5D14}"
EndProject
Project("{8BC9CEB8-8B4A-11D0-8D11-00A0C91BC942}") = "Threads_Task_Five", "Threads_Task_Five_vc8.vcproj", "{6A8B7587-FECA-1BAD-3731-D8978C8E5D14}"
EndProject
Project("{8BC9CEB8-8B4A-11D0-8D11-00A0C91BC942}") = "Threads_Task_Four", "Threads_Task_Four_vc8.vcproj", "{6AE90587-FECA-1BAD-3731-D8978C8E5D14}"
EndProject
Project("{8BC9CEB8-8B4A-11D0-8D11-00A0C91BC942}") = "Threads_Task_One", "Threads_Task_One_vc8.vcproj", "{75AA8C0B-FECA-1BAD-3731-D8978C8E5D14}"
EndProject
Project("{8BC9CEB8-8B4A-11D0-8D11-00A0C91BC942}") = "Threads_Task_Three", "Threads_Task_Three_vc8.vcproj", "{B0B7ED47-FECA-1BAD-3731-D8978C8E5D14}"
EndProject
Project("{8BC9CEB8-8B4A-11D0-8D11-00A0C91BC942}") = "Threads_Task_Two", "Threads_Task_Two_vc8.vcproj", "{74032C0B-FECA-1BAD-3731-D8978C8E5D14}"
EndProject
Project("{8BC9CEB8-8B4A-11D0-8D11-00A0C91BC942}") = "Threads_Thread_Manager", "Threads_Thread_Manager_vc8.vcproj", "{2E1621DD-FECA-1BAD-3731-D8978C8E5D14}"
EndProject
Project("{8BC9CEB8-8B4A-11D0-8D11-00A0C91BC942}") = "Threads_Thread_Pool", "Threads_Thread_Pool_vc8.vcproj", "{609DEC98-FECA-1BAD-3731-D8978C8E5D14}"
EndProject
Project("{8BC9CEB8-8B4A-11D0-8D11-00A0C91BC942}") = "Threads_Thread_Specific", "Threads_Thread_Specific_vc8.vcproj", "{F609D7F9-FECA-1BAD-3731-D8978C8E5D14}"
EndProject
Project("{8BC9CEB8-8B4A-11D0-8D11-00A0C91BC942}") = "Threads_Token", "Threads_Token_vc8.vcproj", "{AF94BFF5-FECA-1BAD-3731-D8978C8E5D14}"
EndProject
Project("{8BC9CEB8-8B4A-11D0-8D11-00A0C91BC942}") = "Threads_Tss1", "Threads_Tss1_vc8.vcproj", "{58B00BAC-FECA-1BAD-3731-D8978C8E5D14}"
EndProject
Project("{8BC9CEB8-8B4A-11D0-8D11-00A0C91BC942}") = "Threads_Tss2", "Threads_Tss2_vc8.vcproj", "{58B03BAC-FECA-1BAD-3731-D8978C8E5D14}"
EndProject
Global
	GlobalSection(SolutionConfigurationPlatforms) = preSolution
		Debug|Win32 = Debug|Win32
		Debug|x64 = Debug|x64
		Release|Win32 = Release|Win32
		Release|x64 = Release|x64
	EndGlobalSection
	GlobalSection(ProjectConfigurationPlatforms) = postSolution
		{BFD9BA06-FECA-1BAD-3731-D8978C8E5D14}.Debug|Win32.ActiveCfg = Debug|Win32
		{BFD9BA06-FECA-1BAD-3731-D8978C8E5D14}.Debug|Win32.Build.0 = Debug|Win32
		{BFD9BA06-FECA-1BAD-3731-D8978C8E5D14}.Debug|x64.ActiveCfg = Debug|x64
		{BFD9BA06-FECA-1BAD-3731-D8978C8E5D14}.Debug|x64.Build.0 = Debug|x64
		{BFD9BA06-FECA-1BAD-3731-D8978C8E5D14}.Release|Win32.ActiveCfg = Release|Win32
		{BFD9BA06-FECA-1BAD-3731-D8978C8E5D14}.Release|Win32.Build.0 = Release|Win32
		{BFD9BA06-FECA-1BAD-3731-D8978C8E5D14}.Release|x64.ActiveCfg = Release|x64
		{BFD9BA06-FECA-1BAD-3731-D8978C8E5D14}.Release|x64.Build.0 = Release|x64
		{D113DA0B-FECA-1BAD-3731-D8978C8E5D14}.Debug|Win32.ActiveCfg = Debug|Win32
		{D113DA0B-FECA-1BAD-3731-D8978C8E5D14}.Debug|Win32.Build.0 = Debug|Win32
		{D113DA0B-FECA-1BAD-3731-D8978C8E5D14}.Debug|x64.ActiveCfg = Debug|x64
		{D113DA0B-FECA-1BAD-3731-D8978C8E5D14}.Debug|x64.Build.0 = Debug|x64
		{D113DA0B-FECA-1BAD-3731-D8978C8E5D14}.Release|Win32.ActiveCfg = Release|Win32
		{D113DA0B-FECA-1BAD-3731-D8978C8E5D14}.Release|Win32.Build.0 = Release|Win32
		{D113DA0B-FECA-1BAD-3731-D8978C8E5D14}.Release|x64.ActiveCfg = Release|x64
		{D113DA0B-FECA-1BAD-3731-D8978C8E5D14}.Release|x64.Build.0 = Release|x64
		{D113EA0B-FECA-1BAD-3731-D8978C8E5D14}.Debug|Win32.ActiveCfg = Debug|Win32
		{D113EA0B-FECA-1BAD-3731-D8978C8E5D14}.Debug|Win32.Build.0 = Debug|Win32
		{D113EA0B-FECA-1BAD-3731-D8978C8E5D14}.Debug|x64.ActiveCfg = Debug|x64
		{D113EA0B-FECA-1BAD-3731-D8978C8E5D14}.Debug|x64.Build.0 = Debug|x64
		{D113EA0B-FECA-1BAD-3731-D8978C8E5D14}.Release|Win32.ActiveCfg = Release|Win32
		{D113EA0B-FECA-1BAD-3731-D8978C8E5D14}.Release|Win32.Build.0 = Release|Win32
		{D113EA0B-FECA-1BAD-3731-D8978C8E5D14}.Release|x64.ActiveCfg = Release|x64
		{D113EA0B-FECA-1BAD-3731-D8978C8E5D14}.Release|x64.Build.0 = Release|x64
		{2560DA7D-FECA-1BAD-3731-D8978C8E5D14}.Debug|Win32.ActiveCfg = Debug|Win32
		{2560DA7D-FECA-1BAD-3731-D8978C8E5D14}.Debug|Win32.Build.0 = Debug|Win32
		{2560DA7D-FECA-1BAD-3731-D8978C8E5D14}.Debug|x64.ActiveCfg = Debug|x64
		{2560DA7D-FECA-1BAD-3731-D8978C8E5D14}.Debug|x64.Build.0 = Debug|x64
		{2560DA7D-FECA-1BAD-3731-D8978C8E5D14}.Release|Win32.ActiveCfg = Release|Win32
		{2560DA7D-FECA-1BAD-3731-D8978C8E5D14}.Release|Win32.Build.0 = Release|Win32
		{2560DA7D-FECA-1BAD-3731-D8978C8E5D14}.Release|x64.ActiveCfg = Release|x64
		{2560DA7D-FECA-1BAD-3731-D8978C8E5D14}.Release|x64.Build.0 = Release|x64
		{D83152A7-FECA-1BAD-3731-D8978C8E5D14}.Debug|Win32.ActiveCfg = Debug|Win32
		{D83152A7-FECA-1BAD-3731-D8978C8E5D14}.Debug|Win32.Build.0 = Debug|Win32
		{D83152A7-FECA-1BAD-3731-D8978C8E5D14}.Debug|x64.ActiveCfg = Debug|x64
		{D83152A7-FECA-1BAD-3731-D8978C8E5D14}.Debug|x64.Build.0 = Debug|x64
		{D83152A7-FECA-1BAD-3731-D8978C8E5D14}.Release|Win32.ActiveCfg = Release|Win32
		{D83152A7-FECA-1BAD-3731-D8978C8E5D14}.Release|Win32.Build.0 = Release|Win32
		{D83152A7-FECA-1BAD-3731-D8978C8E5D14}.Release|x64.ActiveCfg = Release|x64
		{D83152A7-FECA-1BAD-3731-D8978C8E5D14}.Release|x64.Build.0 = Release|x64
		{D83162A7-FECA-1BAD-3731-D8978C8E5D14}.Debug|Win32.ActiveCfg = Debug|Win32
		{D83162A7-FECA-1BAD-3731-D8978C8E5D14}.Debug|Win32.Build.0 = Debug|Win32
		{D83162A7-FECA-1BAD-3731-D8978C8E5D14}.Debug|x64.ActiveCfg = Debug|x64
		{D83162A7-FECA-1BAD-3731-D8978C8E5D14}.Debug|x64.Build.0 = Debug|x64
		{D83162A7-FECA-1BAD-3731-D8978C8E5D14}.Release|Win32.ActiveCfg = Release|Win32
		{D83162A7-FECA-1BAD-3731-D8978C8E5D14}.Release|Win32.Build.0 = Release|Win32
		{D83162A7-FECA-1BAD-3731-D8978C8E5D14}.Release|x64.ActiveCfg = Release|x64
		{D83162A7-FECA-1BAD-3731-D8978C8E5D14}.Release|x64.Build.0 = Release|x64
		{60B06C37-FECA-1BAD-3731-D8978C8E5D14}.Debug|Win32.ActiveCfg = Debug|Win32
		{60B06C37-FECA-1BAD-3731-D8978C8E5D14}.Debug|Win32.Build.0 = Debug|Win32
		{60B06C37-FECA-1BAD-3731-D8978C8E5D14}.Debug|x64.ActiveCfg = Debug|x64
		{60B06C37-FECA-1BAD-3731-D8978C8E5D14}.Debug|x64.Build.0 = Debug|x64
		{60B06C37-FECA-1BAD-3731-D8978C8E5D14}.Release|Win32.ActiveCfg = Release|Win32
		{60B06C37-FECA-1BAD-3731-D8978C8E5D14}.Release|Win32.Build.0 = Release|Win32
		{60B06C37-FECA-1BAD-3731-D8978C8E5D14}.Release|x64.ActiveCfg = Release|x64
		{60B06C37-FECA-1BAD-3731-D8978C8E5D14}.Release|x64.Build.0 = Release|x64
		{50F0FB9E-FECA-1BAD-3731-D8978C8E5D14}.Debug|Win32.ActiveCfg = Debug|Win32
		{50F0FB9E-FECA-1BAD-3731-D8978C8E5D14}.Debug|Win32.Build.0 = Debug|Win32
		{50F0FB9E-FECA-1BAD-3731-D8978C8E5D14}.Debug|x64.ActiveCfg = Debug|x64
		{50F0FB9E-FECA-1BAD-3731-D8978C8E5D14}.Debug|x64.Build.0 = Debug|x64
		{50F0FB9E-FECA-1BAD-3731-D8978C8E5D14}.Release|Win32.ActiveCfg = Release|Win32
		{50F0FB9E-FECA-1BAD-3731-D8978C8E5D14}.Release|Win32.Build.0 = Release|Win32
		{50F0FB9E-FECA-1BAD-3731-D8978C8E5D14}.Release|x64.ActiveCfg = Release|x64
		{50F0FB9E-FECA-1BAD-3731-D8978C8E5D14}.Release|x64.Build.0 = Release|x64
		{908574FA-FECA-1BAD-3731-D8978C8E5D14}.Debug|Win32.ActiveCfg = Debug|Win32
		{908574FA-FECA-1BAD-3731-D8978C8E5D14}.Debug|Win32.Build.0 = Debug|Win32
		{908574FA-FECA-1BAD-3731-D8978C8E5D14}.Debug|x64.ActiveCfg = Debug|x64
		{908574FA-FECA-1BAD-3731-D8978C8E5D14}.Debug|x64.Build.0 = Debug|x64
		{908574FA-FECA-1BAD-3731-D8978C8E5D14}.Release|Win32.ActiveCfg = Release|Win32
		{908574FA-FECA-1BAD-3731-D8978C8E5D14}.Release|Win32.Build.0 = Release|Win32
		{908574FA-FECA-1BAD-3731-D8978C8E5D14}.Release|x64.ActiveCfg = Release|x64
		{908574FA-FECA-1BAD-3731-D8978C8E5D14}.Release|x64.Build.0 = Release|x64
		{8B175855-FECA-1BAD-3731-D8978C8E5D14}.Debug|Win32.ActiveCfg = Debug|Win32
		{8B175855-FECA-1BAD-3731-D8978C8E5D14}.Debug|Win32.Build.0 = Debug|Win32
		{8B175855-FECA-1BAD-3731-D8978C8E5D14}.Debug|x64.ActiveCfg = Debug|x64
		{8B175855-FECA-1BAD-3731-D8978C8E5D14}.Debug|x64.Build.0 = Debug|x64
		{8B175855-FECA-1BAD-3731-D8978C8E5D14}.Release|Win32.ActiveCfg = Release|Win32
		{8B175855-FECA-1BAD-3731-D8978C8E5D14}.Release|Win32.Build.0 = Release|Win32
		{8B175855-FECA-1BAD-3731-D8978C8E5D14}.Release|x64.ActiveCfg = Release|x64
		{8B175855-FECA-1BAD-3731-D8978C8E5D14}.Release|x64.Build.0 = Release|x64
		{0A0023FD-FECA-1BAD-3731-D8978C8E5D14}.Debug|Win32.ActiveCfg = Debug|Win32
		{0A0023FD-FECA-1BAD-3731-D8978C8E5D14}.Debug|Win32.Build.0 = Debug|Win32
		{0A0023FD-FECA-1BAD-3731-D8978C8E5D14}.Debug|x64.ActiveCfg = Debug|x64
		{0A0023FD-FECA-1BAD-3731-D8978C8E5D14}.Debug|x64.Build.0 = Debug|x64
		{0A0023FD-FECA-1BAD-3731-D8978C8E5D14}.Release|Win32.ActiveCfg = Release|Win32
		{0A0023FD-FECA-1BAD-3731-D8978C8E5D14}.Release|Win32.Build.0 = Release|Win32
		{0A0023FD-FECA-1BAD-3731-D8978C8E5D14}.Release|x64.ActiveCfg = Release|x64
		{0A0023FD-FECA-1BAD-3731-D8978C8E5D14}.Release|x64.Build.0 = Release|x64
		{6A8B7587-FECA-1BAD-3731-D8978C8E5D14}.Debug|Win32.ActiveCfg = Debug|Win32
		{6A8B7587-FECA-1BAD-3731-D8978C8E5D14}.Debug|Win32.Build.0 = Debug|Win32
		{6A8B7587-FECA-1BAD-3731-D8978C8E5D14}.Debug|x64.ActiveCfg = Debug|x64
		{6A8B7587-FECA-1BAD-3731-D8978C8E5D14}.Debug|x64.Build.0 = Debug|x64
		{6A8B7587-FECA-1BAD-3731-D8978C8E5D14}.Release|Win32.ActiveCfg = Release|Win32
		{6A8B7587-FECA-1BAD-3731-D8978C8E5D14}.Release|Win32.Build.0 = Release|Win32
		{6A8B7587-FECA-1BAD-3731-D8978C8E5D14}.Release|x64.ActiveCfg = Release|x64
		{6A8B7587-FECA-1BAD-3731-D8978C8E5D14}.Release|x64.Build.0 = Release|x64
		{6AE90587-FECA-1BAD-3731-D8978C8E5D14}.Debug|Win32.ActiveCfg = Debug|Win32
		{6AE90587-FECA-1BAD-3731-D8978C8E5D14}.Debug|Win32.Build.0 = Debug|Win32
		{6AE90587-FECA-1BAD-3731-D8978C8E5D14}.Debug|x64.ActiveCfg = Debug|x64
		{6AE90587-FECA-1BAD-3731-D8978C8E5D14}.Debug|x64.Build.0 = Debug|x64
		{6AE90587-FECA-1BAD-3731-D8978C8E5D14}.Release|Win32.ActiveCfg = Release|Win32
		{6AE90587-FECA-1BAD-3731-D8978C8E5D14}.Release|Win32.Build.0 = Release|Win32
		{6AE90587-FECA-1BAD-3731-D8978C8E5D14}.Release|x64.ActiveCfg = Release|x64
		{6AE90587-FECA-1BAD-3731-D8978C8E5D14}.Release|x64.Build.0 = Release|x64
		{75AA8C0B-FECA-1BAD-3731-D8978C8E5D14}.Debug|Win32.ActiveCfg = Debug|Win32
		{75AA8C0B-FECA-1BAD-3731-D8978C8E5D14}.Debug|Win32.Build.0 = Debug|Win32
		{75AA8C0B-FECA-1BAD-3731-D8978C8E5D14}.Debug|x64.ActiveCfg = Debug|x64
		{75AA8C0B-FECA-1BAD-3731-D8978C8E5D14}.Debug|x64.Build.0 = Debug|x64
		{75AA8C0B-FECA-1BAD-3731-D8978C8E5D14}.Release|Win32.ActiveCfg = Release|Win32
		{75AA8C0B-FECA-1BAD-3731-D8978C8E5D14}.Release|Win32.Build.0 = Release|Win32
		{75AA8C0B-FECA-1BAD-3731-D8978C8E5D14}.Release|x64.ActiveCfg = Release|x64
		{75AA8C0B-FECA-1BAD-3731-D8978C8E5D14}.Release|x64.Build.0 = Release|x64
		{B0B7ED47-FECA-1BAD-3731-D8978C8E5D14}.Debug|Win32.ActiveCfg = Debug|Win32
		{B0B7ED47-FECA-1BAD-3731-D8978C8E5D14}.Debug|Win32.Build.0 = Debug|Win32
		{B0B7ED47-FECA-1BAD-3731-D8978C8E5D14}.Debug|x64.ActiveCfg = Debug|x64
		{B0B7ED47-FECA-1BAD-3731-D8978C8E5D14}.Debug|x64.Build.0 = Debug|x64
		{B0B7ED47-FECA-1BAD-3731-D8978C8E5D14}.Release|Win32.ActiveCfg = Release|Win32
		{B0B7ED47-FECA-1BAD-3731-D8978C8E5D14}.Release|Win32.Build.0 = Release|Win32
		{B0B7ED47-FECA-1BAD-3731-D8978C8E5D14}.Release|x64.ActiveCfg = Release|x64
		{B0B7ED47-FECA-1BAD-3731-D8978C8E5D14}.Release|x64.Build.0 = Release|x64
		{74032C0B-FECA-1BAD-3731-D8978C8E5D14}.Debug|Win32.ActiveCfg = Debug|Win32
		{74032C0B-FECA-1BAD-3731-D8978C8E5D14}.Debug|Win32.Build.0 = Debug|Win32
		{74032C0B-FECA-1BAD-3731-D8978C8E5D14}.Debug|x64.ActiveCfg = Debug|x64
		{74032C0B-FECA-1BAD-3731-D8978C8E5D14}.Debug|x64.Build.0 = Debug|x64
		{74032C0B-FECA-1BAD-3731-D8978C8E5D14}.Release|Win32.ActiveCfg = Release|Win32
		{74032C0B-FECA-1BAD-3731-D8978C8E5D14}.Release|Win32.Build.0 = Release|Win32
		{74032C0B-FECA-1BAD-3731-D8978C8E5D14}.Release|x64.ActiveCfg = Release|x64
		{74032C0B-FECA-1BAD-3731-D8978C8E5D14}.Release|x64.Build.0 = Release|x64
		{2E1621DD-FECA-1BAD-3731-D8978C8E5D14}.Debug|Win32.ActiveCfg = Debug|Win32
		{2E1621DD-FECA-1BAD-3731-D8978C8E5D14}.Debug|Win32.Build.0 = Debug|Win32
		{2E1621DD-FECA-1BAD-3731-D8978C8E5D14}.Debug|x64.ActiveCfg = Debug|x64
		{2E1621DD-FECA-1BAD-3731-D8978C8E5D14}.Debug|x64.Build.0 = Debug|x64
		{2E1621DD-FECA-1BAD-3731-D8978C8E5D14}.Release|Win32.ActiveCfg = Release|Win32
		{2E1621DD-FECA-1BAD-3731-D8978C8E5D14}.Release|Win32.Build.0 = Release|Win32
		{2E1621DD-FECA-1BAD-3731-D8978C8E5D14}.Release|x64.ActiveCfg = Release|x64
		{2E1621DD-FECA-1BAD-3731-D8978C8E5D14}.Release|x64.Build.0 = Release|x64
		{609DEC98-FECA-1BAD-3731-D8978C8E5D14}.Debug|Win32.ActiveCfg = Debug|Win32
		{609DEC98-FECA-1BAD-3731-D8978C8E5D14}.Debug|Win32.Build.0 = Debug|Win32
		{609DEC98-FECA-1BAD-3731-D8978C8E5D14}.Debug|x64.ActiveCfg = Debug|x64
		{609DEC98-FECA-1BAD-3731-D8978C8E5D14}.Debug|x64.Build.0 = Debug|x64
		{609DEC98-FECA-1BAD-3731-D8978C8E5D14}.Release|Win32.ActiveCfg = Release|Win32
		{609DEC98-FECA-1BAD-3731-D8978C8E5D14}.Release|Win32.Build.0 = Release|Win32
		{609DEC98-FECA-1BAD-3731-D8978C8E5D14}.Release|x64.ActiveCfg = Release|x64
		{609DEC98-FECA-1BAD-3731-D8978C8E5D14}.Release|x64.Build.0 = Release|x64
		{F609D7F9-FECA-1BAD-3731-D8978C8E5D14}.Debug|Win32.ActiveCfg = Debug|Win32
		{F609D7F9-FECA-1BAD-3731-D8978C8E5D14}.Debug|Win32.Build.0 = Debug|Win32
		{F609D7F9-FECA-1BAD-3731-D8978C8E5D14}.Debug|x64.ActiveCfg = Debug|x64
		{F609D7F9-FECA-1BAD-3731-D8978C8E5D14}.Debug|x64.Build.0 = Debug|x64
		{F609D7F9-FECA-1BAD-3731-D8978C8E5D14}.Release|Win32.ActiveCfg = Release|Win32
		{F609D7F9-FECA-1BAD-3731-D8978C8E5D14}.Release|Win32.Build.0 = Release|Win32
		{F609D7F9-FECA-1BAD-3731-D8978C8E5D14}.Release|x64.ActiveCfg = Release|x64
		{F609D7F9-FECA-1BAD-3731-D8978C8E5D14}.Release|x64.Build.0 = Release|x64
		{AF94BFF5-FECA-1BAD-3731-D8978C8E5D14}.Debug|Win32.ActiveCfg = Debug|Win32
		{AF94BFF5-FECA-1BAD-3731-D8978C8E5D14}.Debug|Win32.Build.0 = Debug|Win32
		{AF94BFF5-FECA-1BAD-3731-D8978C8E5D14}.Debug|x64.ActiveCfg = Debug|x64
		{AF94BFF5-FECA-1BAD-3731-D8978C8E5D14}.Debug|x64.Build.0 = Debug|x64
		{AF94BFF5-FECA-1BAD-3731-D8978C8E5D14}.Release|Win32.ActiveCfg = Release|Win32
		{AF94BFF5-FECA-1BAD-3731-D8978C8E5D14}.Release|Win32.Build.0 = Release|Win32
		{AF94BFF5-FECA-1BAD-3731-D8978C8E5D14}.Release|x64.ActiveCfg = Release|x64
		{AF94BFF5-FECA-1BAD-3731-D8978C8E5D14}.Release|x64.Build.0 = Release|x64
		{58B00BAC-FECA-1BAD-3731-D8978C8E5D14}.Debug|Win32.ActiveCfg = Debug|Win32
		{58B00BAC-FECA-1BAD-3731-D8978C8E5D14}.Debug|Win32.Build.0 = Debug|Win32
		{58B00BAC-FECA-1BAD-3731-D8978C8E5D14}.Debug|x64.ActiveCfg = Debug|x64
		{58B00BAC-FECA-1BAD-3731-D8978C8E5D14}.Debug|x64.Build.0 = Debug|x64
		{58B00BAC-FECA-1BAD-3731-D8978C8E5D14}.Release|Win32.ActiveCfg = Release|Win32
		{58B00BAC-FECA-1BAD-3731-D8978C8E5D14}.Release|Win32.Build.0 = Release|Win32
		{58B00BAC-FECA-1BAD-3731-D8978C8E5D14}.Release|x64.ActiveCfg = Release|x64
		{58B00BAC-FECA-1BAD-3731-D8978C8E5D14}.Release|x64.Build.0 = Release|x64
		{58B03BAC-FECA-1BAD-3731-D8978C8E5D14}.Debug|Win32.ActiveCfg = Debug|Win32
		{58B03BAC-FECA-1BAD-3731-D8978C8E5D14}.Debug|Win32.Build.0 = Debug|Win32
		{58B03BAC-FECA-1BAD-3731-D8978C8E5D14}.Debug|x64.ActiveCfg = Debug|x64
		{58B03BAC-FECA-1BAD-3731-D8978C8E5D14}.Debug|x64.Build.0 = Debug|x64
		{58B03BAC-FECA-1BAD-3731-D8978C8E5D14}.Release|Win32.ActiveCfg = Release|Win32
		{58B03BAC-FECA-1BAD-3731-D8978C8E5D14}.Release|Win32.Build.0 = Release|Win32
		{58B03BAC-FECA-1BAD-3731-D8978C8E5D14}.Release|x64.ActiveCfg = Release|x64
		{58B03BAC-FECA-1BAD-3731-D8978C8E5D14}.Release|x64.Build.0 = Release|x64
	EndGlobalSection
	GlobalSection(SolutionProperties) = preSolution
		HideSolutionNode = FALSE
	EndGlobalSection
EndGlobal
