<?xml version="1.0" encoding="utf-8"?>
<Project ToolsVersion="4.0" xmlns="http://schemas.microsoft.com/developer/msbuild/2003">
  <ItemGroup>
    <Filter Include="Source Files">
      <UniqueIdentifier>{4FC737F1-C7A5-4376-A066-2A32D752A2FF}</UniqueIdentifier>
      <Extensions>cpp;c;cc;cxx;def;odl;idl;hpj;bat;asm;asmx</Extensions>
    </Filter>
    <Filter Include="Header Files">
      <UniqueIdentifier>{93995380-89BD-4b04-88EB-625FBE52EBFB}</UniqueIdentifier>
      <Extensions>h;hpp;hxx;hm;inl;inc;xsd</Extensions>
    </Filter>
    <Filter Include="Resource Files">
      <UniqueIdentifier>{67DA6AB6-F800-4c08-8B7A-83BB121AAD01}</UniqueIdentifier>
      <Extensions>rc;ico;cur;bmp;dlg;rc2;rct;bin;rgs;gif;jpg;jpeg;jpe;resx;tiff;tif;png;wav</Extensions>
    </Filter>
  </ItemGroup>
  <ItemGroup>
    <ClCompile Include="ExcelDlg.cpp">
      <Filter>Source Files</Filter>
    </ClCompile>
    <ClCompile Include="MSExcel.cpp">
      <Filter>Source Files</Filter>
    </ClCompile>
    <ClCompile Include="MSWord.cpp">
      <Filter>Source Files</Filter>
    </ClCompile>
    <ClCompile Include="OLEAuto.cpp">
      <Filter>Source Files</Filter>
    </ClCompile>
    <ClCompile Include="OLEAutoDlg.cpp">
      <Filter>Source Files</Filter>
    </ClCompile>
    <ClCompile Include="OLEMethod.cpp">
      <Filter>Source Files</Filter>
    </ClCompile>
    <ClCompile Include="SDictionary.cpp">
      <Filter>Source Files</Filter>
    </ClCompile>
    <ClCompile Include="stdafx.cpp">
      <Filter>Source Files</Filter>
    </ClCompile>
    <ClCompile Include="WordDlg.cpp">
      <Filter>Source Files</Filter>
    </ClCompile>
    <ClCompile Include="XLRange.cpp">
      <Filter>Source Files</Filter>
    </ClCompile>
    <ClCompile Include="Excel_To_Code.cpp">
      <Filter>Source Files</Filter>
    </ClCompile>
    <ClCompile Include="Write_XML.cpp">
      <Filter>Source Files</Filter>
    </ClCompile>
  </ItemGroup>
  <ItemGroup>
    <ClInclude Include="ExcelDlg.h">
      <Filter>Header Files</Filter>
    </ClInclude>
    <ClInclude Include="MSExcel.h">
      <Filter>Header Files</Filter>
    </ClInclude>
    <ClInclude Include="MSWord.h">
      <Filter>Header Files</Filter>
    </ClInclude>
    <ClInclude Include="OLEAuto.h">
      <Filter>Header Files</Filter>
    </ClInclude>
    <ClInclude Include="OLEAutoDlg.h">
      <Filter>Header Files</Filter>
    </ClInclude>
    <ClInclude Include="OLEMethod.h">
      <Filter>Header Files</Filter>
    </ClInclude>
    <ClInclude Include="Resource.h">
      <Filter>Header Files</Filter>
    </ClInclude>
    <ClInclude Include="SDictionary.h">
      <Filter>Header Files</Filter>
    </ClInclude>
    <ClInclude Include="stdafx.h">
      <Filter>Header Files</Filter>
    </ClInclude>
    <ClInclude Include="WordDlg.h">
      <Filter>Header Files</Filter>
    </ClInclude>
    <ClInclude Include="XLRange.h">
      <Filter>Header Files</Filter>
    </ClInclude>
    <ClInclude Include="Excel_To_Code.h">
      <Filter>Header Files</Filter>
    </ClInclude>
    <ClInclude Include="Write_XML.h">
      <Filter>Header Files</Filter>
    </ClInclude>
  </ItemGroup>
  <ItemGroup>
    <None Include="res\OLEAuto.ico">
      <Filter>Resource Files</Filter>
    </None>
    <None Include="res\OLEAuto.rc2">
      <Filter>Resource Files</Filter>
    </None>
  </ItemGroup>
  <ItemGroup>
    <ResourceCompile Include="OLEAuto.rc">
      <Filter>Resource Files</Filter>
    </ResourceCompile>
  </ItemGroup>
</Project>