
Microsoft Visual Studio Solution File, Format Version 9.00
# Visual Studio 2005
# $Id: VC8WorkspaceCreator.pm 1938 2010-11-30 12:59:04Z elliott_c $
#
# This file was generated by MPC.  Any changes made directly to
# this file will be lost the next time it is generated.
#
# MPC Command:
# /tmp/DOC_ROOT/stage-14548/ACE_wrappers/bin/mwc.pl -type vc8 -recurse -hierarchy -relative ACE_ROOT=/tmp/DOC_ROOT/stage-14548/ACE_wrappers -relative TAO_ROOT=/tmp/DOC_ROOT/stage-14548/ACE_wrappers/TAO -relative CIAO_ROOT=/tmp/DOC_ROOT/stage-14548/ACE_wrappers/TAO/CIAO -relative DANCE_ROOT=/tmp/DOC_ROOT/stage-14548/ACE_wrappers/TAO/DAnCE -name_modifier "*_vc8"
Project("{8BC9CEB8-8B4A-11D0-8D11-00A0C91BC942}") = "SPIPE_SAP_Client", "SPIPE_SAP_Client_vc8.vcproj", "{469A7F63-FECA-1BAD-A714-C623708DC274}"
EndProject
Project("{8BC9CEB8-8B4A-11D0-8D11-00A0C91BC942}") = "SPIPE_SAP_Consumer_Msg", "SPIPE_SAP_Consumer_Msg_vc8.vcproj", "{2B78B83B-FECA-1BAD-A714-C623708DC274}"
EndProject
Project("{8BC9CEB8-8B4A-11D0-8D11-00A0C91BC942}") = "SPIPE_SAP_Consumer_Read", "SPIPE_SAP_Consumer_Read_vc8.vcproj", "{90AD2682-FECA-1BAD-A714-C623708DC274}"
EndProject
Project("{8BC9CEB8-8B4A-11D0-8D11-00A0C91BC942}") = "SPIPE_SAP_NPClient", "SPIPE_SAP_NPClient_vc8.vcproj", "{A12E9B9F-FECA-1BAD-A714-C623708DC274}"
EndProject
Project("{8BC9CEB8-8B4A-11D0-8D11-00A0C91BC942}") = "SPIPE_SAP_NPServer", "SPIPE_SAP_NPServer_vc8.vcproj", "{2B15FB8F-FECA-1BAD-A714-C623708DC274}"
EndProject
Project("{8BC9CEB8-8B4A-11D0-8D11-00A0C91BC942}") = "SPIPE_SAP_Producer_Msg", "SPIPE_SAP_Producer_Msg_vc8.vcproj", "{39A8C8DB-FECA-1BAD-A714-C623708DC274}"
EndProject
Project("{8BC9CEB8-8B4A-11D0-8D11-00A0C91BC942}") = "SPIPE_SAP_Producer_Read", "SPIPE_SAP_Producer_Read_vc8.vcproj", "{BDAA2883-FECA-1BAD-A714-C623708DC274}"
EndProject
Project("{8BC9CEB8-8B4A-11D0-8D11-00A0C91BC942}") = "SPIPE_SAP_Server", "SPIPE_SAP_Server_vc8.vcproj", "{CCA11F73-FECA-1BAD-A714-C623708DC274}"
EndProject
Global
	GlobalSection(SolutionConfigurationPlatforms) = preSolution
		Debug|Win32 = Debug|Win32
		Debug|x64 = Debug|x64
		Release|Win32 = Release|Win32
		Release|x64 = Release|x64
	EndGlobalSection
	GlobalSection(ProjectConfigurationPlatforms) = postSolution
		{469A7F63-FECA-1BAD-A714-C623708DC274}.Debug|Win32.ActiveCfg = Debug|Win32
		{469A7F63-FECA-1BAD-A714-C623708DC274}.Debug|Win32.Build.0 = Debug|Win32
		{469A7F63-FECA-1BAD-A714-C623708DC274}.Debug|x64.ActiveCfg = Debug|x64
		{469A7F63-FECA-1BAD-A714-C623708DC274}.Debug|x64.Build.0 = Debug|x64
		{469A7F63-FECA-1BAD-A714-C623708DC274}.Release|Win32.ActiveCfg = Release|Win32
		{469A7F63-FECA-1BAD-A714-C623708DC274}.Release|Win32.Build.0 = Release|Win32
		{469A7F63-FECA-1BAD-A714-C623708DC274}.Release|x64.ActiveCfg = Release|x64
		{469A7F63-FECA-1BAD-A714-C623708DC274}.Release|x64.Build.0 = Release|x64
		{2B78B83B-FECA-1BAD-A714-C623708DC274}.Debug|Win32.ActiveCfg = Debug|Win32
		{2B78B83B-FECA-1BAD-A714-C623708DC274}.Debug|Win32.Build.0 = Debug|Win32
		{2B78B83B-FECA-1BAD-A714-C623708DC274}.Debug|x64.ActiveCfg = Debug|x64
		{2B78B83B-FECA-1BAD-A714-C623708DC274}.Debug|x64.Build.0 = Debug|x64
		{2B78B83B-FECA-1BAD-A714-C623708DC274}.Release|Win32.ActiveCfg = Release|Win32
		{2B78B83B-FECA-1BAD-A714-C623708DC274}.Release|Win32.Build.0 = Release|Win32
		{2B78B83B-FECA-1BAD-A714-C623708DC274}.Release|x64.ActiveCfg = Release|x64
		{2B78B83B-FECA-1BAD-A714-C623708DC274}.Release|x64.Build.0 = Release|x64
		{90AD2682-FECA-1BAD-A714-C623708DC274}.Debug|Win32.ActiveCfg = Debug|Win32
		{90AD2682-FECA-1BAD-A714-C623708DC274}.Debug|Win32.Build.0 = Debug|Win32
		{90AD2682-FECA-1BAD-A714-C623708DC274}.Debug|x64.ActiveCfg = Debug|x64
		{90AD2682-FECA-1BAD-A714-C623708DC274}.Debug|x64.Build.0 = Debug|x64
		{90AD2682-FECA-1BAD-A714-C623708DC274}.Release|Win32.ActiveCfg = Release|Win32
		{90AD2682-FECA-1BAD-A714-C623708DC274}.Release|Win32.Build.0 = Release|Win32
		{90AD2682-FECA-1BAD-A714-C623708DC274}.Release|x64.ActiveCfg = Release|x64
		{90AD2682-FECA-1BAD-A714-C623708DC274}.Release|x64.Build.0 = Release|x64
		{A12E9B9F-FECA-1BAD-A714-C623708DC274}.Debug|Win32.ActiveCfg = Debug|Win32
		{A12E9B9F-FECA-1BAD-A714-C623708DC274}.Debug|Win32.Build.0 = Debug|Win32
		{A12E9B9F-FECA-1BAD-A714-C623708DC274}.Debug|x64.ActiveCfg = Debug|x64
		{A12E9B9F-FECA-1BAD-A714-C623708DC274}.Debug|x64.Build.0 = Debug|x64
		{A12E9B9F-FECA-1BAD-A714-C623708DC274}.Release|Win32.ActiveCfg = Release|Win32
		{A12E9B9F-FECA-1BAD-A714-C623708DC274}.Release|Win32.Build.0 = Release|Win32
		{A12E9B9F-FECA-1BAD-A714-C623708DC274}.Release|x64.ActiveCfg = Release|x64
		{A12E9B9F-FECA-1BAD-A714-C623708DC274}.Release|x64.Build.0 = Release|x64
		{2B15FB8F-FECA-1BAD-A714-C623708DC274}.Debug|Win32.ActiveCfg = Debug|Win32
		{2B15FB8F-FECA-1BAD-A714-C623708DC274}.Debug|Win32.Build.0 = Debug|Win32
		{2B15FB8F-FECA-1BAD-A714-C623708DC274}.Debug|x64.ActiveCfg = Debug|x64
		{2B15FB8F-FECA-1BAD-A714-C623708DC274}.Debug|x64.Build.0 = Debug|x64
		{2B15FB8F-FECA-1BAD-A714-C623708DC274}.Release|Win32.ActiveCfg = Release|Win32
		{2B15FB8F-FECA-1BAD-A714-C623708DC274}.Release|Win32.Build.0 = Release|Win32
		{2B15FB8F-FECA-1BAD-A714-C623708DC274}.Release|x64.ActiveCfg = Release|x64
		{2B15FB8F-FECA-1BAD-A714-C623708DC274}.Release|x64.Build.0 = Release|x64
		{39A8C8DB-FECA-1BAD-A714-C623708DC274}.Debug|Win32.ActiveCfg = Debug|Win32
		{39A8C8DB-FECA-1BAD-A714-C623708DC274}.Debug|Win32.Build.0 = Debug|Win32
		{39A8C8DB-FECA-1BAD-A714-C623708DC274}.Debug|x64.ActiveCfg = Debug|x64
		{39A8C8DB-FECA-1BAD-A714-C623708DC274}.Debug|x64.Build.0 = Debug|x64
		{39A8C8DB-FECA-1BAD-A714-C623708DC274}.Release|Win32.ActiveCfg = Release|Win32
		{39A8C8DB-FECA-1BAD-A714-C623708DC274}.Release|Win32.Build.0 = Release|Win32
		{39A8C8DB-FECA-1BAD-A714-C623708DC274}.Release|x64.ActiveCfg = Release|x64
		{39A8C8DB-FECA-1BAD-A714-C623708DC274}.Release|x64.Build.0 = Release|x64
		{BDAA2883-FECA-1BAD-A714-C623708DC274}.Debug|Win32.ActiveCfg = Debug|Win32
		{BDAA2883-FECA-1BAD-A714-C623708DC274}.Debug|Win32.Build.0 = Debug|Win32
		{BDAA2883-FECA-1BAD-A714-C623708DC274}.Debug|x64.ActiveCfg = Debug|x64
		{BDAA2883-FECA-1BAD-A714-C623708DC274}.Debug|x64.Build.0 = Debug|x64
		{BDAA2883-FECA-1BAD-A714-C623708DC274}.Release|Win32.ActiveCfg = Release|Win32
		{BDAA2883-FECA-1BAD-A714-C623708DC274}.Release|Win32.Build.0 = Release|Win32
		{BDAA2883-FECA-1BAD-A714-C623708DC274}.Release|x64.ActiveCfg = Release|x64
		{BDAA2883-FECA-1BAD-A714-C623708DC274}.Release|x64.Build.0 = Release|x64
		{CCA11F73-FECA-1BAD-A714-C623708DC274}.Debug|Win32.ActiveCfg = Debug|Win32
		{CCA11F73-FECA-1BAD-A714-C623708DC274}.Debug|Win32.Build.0 = Debug|Win32
		{CCA11F73-FECA-1BAD-A714-C623708DC274}.Debug|x64.ActiveCfg = Debug|x64
		{CCA11F73-FECA-1BAD-A714-C623708DC274}.Debug|x64.Build.0 = Debug|x64
		{CCA11F73-FECA-1BAD-A714-C623708DC274}.Release|Win32.ActiveCfg = Release|Win32
		{CCA11F73-FECA-1BAD-A714-C623708DC274}.Release|Win32.Build.0 = Release|Win32
		{CCA11F73-FECA-1BAD-A714-C623708DC274}.Release|x64.ActiveCfg = Release|x64
		{CCA11F73-FECA-1BAD-A714-C623708DC274}.Release|x64.Build.0 = Release|x64
	EndGlobalSection
	GlobalSection(SolutionProperties) = preSolution
		HideSolutionNode = FALSE
	EndGlobalSection
EndGlobal
