
Microsoft Visual Studio Solution File, Format Version 9.00
# Visual Studio 2005
# $Id: VC8WorkspaceCreator.pm 1938 2010-11-30 12:59:04Z elliott_c $
#
# This file was generated by MPC.  Any changes made directly to
# this file will be lost the next time it is generated.
#
# MPC Command:
# /tmp/DOC_ROOT/stage-14548/ACE_wrappers/bin/mwc.pl -type vc8 -recurse -hierarchy -relative ACE_ROOT=/tmp/DOC_ROOT/stage-14548/ACE_wrappers -relative TAO_ROOT=/tmp/DOC_ROOT/stage-14548/ACE_wrappers/TAO -relative CIAO_ROOT=/tmp/DOC_ROOT/stage-14548/ACE_wrappers/TAO/CIAO -relative DANCE_ROOT=/tmp/DOC_ROOT/stage-14548/ACE_wrappers/TAO/DAnCE -name_modifier "*_vc8"
Project("{8BC9CEB8-8B4A-11D0-8D11-00A0C91BC942}") = "Sock_Sap_CPP_Inclient", "Sock_Sap_CPP_Inclient_vc8.vcproj", "{E936767F-FECA-1BAD-8565-D33D58B27113}"
EndProject
Project("{8BC9CEB8-8B4A-11D0-8D11-00A0C91BC942}") = "Sock_Sap_CPP_Inserver", "Sock_Sap_CPP_Inserver_vc8.vcproj", "{630D166F-FECA-1BAD-8565-D33D58B27113}"
EndProject
Project("{8BC9CEB8-8B4A-11D0-8D11-00A0C91BC942}") = "Sock_Sap_CPP_Memclient", "Sock_Sap_CPP_Memclient_vc8.vcproj", "{F68C8921-FECA-1BAD-8565-D33D58B27113}"
EndProject
Project("{8BC9CEB8-8B4A-11D0-8D11-00A0C91BC942}") = "Sock_Sap_CPP_Memserver", "Sock_Sap_CPP_Memserver_vc8.vcproj", "{7CB7E931-FECA-1BAD-8565-D33D58B27113}"
EndProject
Project("{8BC9CEB8-8B4A-11D0-8D11-00A0C91BC942}") = "Sock_Sap_CPP_Unclient", "Sock_Sap_CPP_Unclient_vc8.vcproj", "{E9366A7F-FECA-1BAD-8565-D33D58B27113}"
EndProject
Project("{8BC9CEB8-8B4A-11D0-8D11-00A0C91BC942}") = "Sock_Sap_CPP_Unserver", "Sock_Sap_CPP_Unserver_vc8.vcproj", "{630D0A6F-FECA-1BAD-8565-D33D58B27113}"
EndProject
Project("{8BC9CEB8-8B4A-11D0-8D11-00A0C91BC942}") = "Sock_Sap_C_Inclient", "Sock_Sap_C_Inclient_vc8.vcproj", "{66D28DBA-FECA-1BAD-8565-D33D58B27113}"
EndProject
Project("{8BC9CEB8-8B4A-11D0-8D11-00A0C91BC942}") = "Sock_Sap_C_Inserver", "Sock_Sap_C_Inserver_vc8.vcproj", "{ECE9EDAA-FECA-1BAD-8565-D33D58B27113}"
EndProject
Project("{8BC9CEB8-8B4A-11D0-8D11-00A0C91BC942}") = "Sock_Sap_FD_Unclient", "Sock_Sap_FD_Unclient_vc8.vcproj", "{08892549-FECA-1BAD-8565-D33D58B27113}"
EndProject
Global
	GlobalSection(SolutionConfigurationPlatforms) = preSolution
		Debug|Win32 = Debug|Win32
		Debug|x64 = Debug|x64
		Release|Win32 = Release|Win32
		Release|x64 = Release|x64
	EndGlobalSection
	GlobalSection(ProjectConfigurationPlatforms) = postSolution
		{E936767F-FECA-1BAD-8565-D33D58B27113}.Debug|Win32.ActiveCfg = Debug|Win32
		{E936767F-FECA-1BAD-8565-D33D58B27113}.Debug|Win32.Build.0 = Debug|Win32
		{E936767F-FECA-1BAD-8565-D33D58B27113}.Debug|x64.ActiveCfg = Debug|x64
		{E936767F-FECA-1BAD-8565-D33D58B27113}.Debug|x64.Build.0 = Debug|x64
		{E936767F-FECA-1BAD-8565-D33D58B27113}.Release|Win32.ActiveCfg = Release|Win32
		{E936767F-FECA-1BAD-8565-D33D58B27113}.Release|Win32.Build.0 = Release|Win32
		{E936767F-FECA-1BAD-8565-D33D58B27113}.Release|x64.ActiveCfg = Release|x64
		{E936767F-FECA-1BAD-8565-D33D58B27113}.Release|x64.Build.0 = Release|x64
		{630D166F-FECA-1BAD-8565-D33D58B27113}.Debug|Win32.ActiveCfg = Debug|Win32
		{630D166F-FECA-1BAD-8565-D33D58B27113}.Debug|Win32.Build.0 = Debug|Win32
		{630D166F-FECA-1BAD-8565-D33D58B27113}.Debug|x64.ActiveCfg = Debug|x64
		{630D166F-FECA-1BAD-8565-D33D58B27113}.Debug|x64.Build.0 = Debug|x64
		{630D166F-FECA-1BAD-8565-D33D58B27113}.Release|Win32.ActiveCfg = Release|Win32
		{630D166F-FECA-1BAD-8565-D33D58B27113}.Release|Win32.Build.0 = Release|Win32
		{630D166F-FECA-1BAD-8565-D33D58B27113}.Release|x64.ActiveCfg = Release|x64
		{630D166F-FECA-1BAD-8565-D33D58B27113}.Release|x64.Build.0 = Release|x64
		{F68C8921-FECA-1BAD-8565-D33D58B27113}.Debug|Win32.ActiveCfg = Debug|Win32
		{F68C8921-FECA-1BAD-8565-D33D58B27113}.Debug|Win32.Build.0 = Debug|Win32
		{F68C8921-FECA-1BAD-8565-D33D58B27113}.Debug|x64.ActiveCfg = Debug|x64
		{F68C8921-FECA-1BAD-8565-D33D58B27113}.Debug|x64.Build.0 = Debug|x64
		{F68C8921-FECA-1BAD-8565-D33D58B27113}.Release|Win32.ActiveCfg = Release|Win32
		{F68C8921-FECA-1BAD-8565-D33D58B27113}.Release|Win32.Build.0 = Release|Win32
		{F68C8921-FECA-1BAD-8565-D33D58B27113}.Release|x64.ActiveCfg = Release|x64
		{F68C8921-FECA-1BAD-8565-D33D58B27113}.Release|x64.Build.0 = Release|x64
		{7CB7E931-FECA-1BAD-8565-D33D58B27113}.Debug|Win32.ActiveCfg = Debug|Win32
		{7CB7E931-FECA-1BAD-8565-D33D58B27113}.Debug|Win32.Build.0 = Debug|Win32
		{7CB7E931-FECA-1BAD-8565-D33D58B27113}.Debug|x64.ActiveCfg = Debug|x64
		{7CB7E931-FECA-1BAD-8565-D33D58B27113}.Debug|x64.Build.0 = Debug|x64
		{7CB7E931-FECA-1BAD-8565-D33D58B27113}.Release|Win32.ActiveCfg = Release|Win32
		{7CB7E931-FECA-1BAD-8565-D33D58B27113}.Release|Win32.Build.0 = Release|Win32
		{7CB7E931-FECA-1BAD-8565-D33D58B27113}.Release|x64.ActiveCfg = Release|x64
		{7CB7E931-FECA-1BAD-8565-D33D58B27113}.Release|x64.Build.0 = Release|x64
		{E9366A7F-FECA-1BAD-8565-D33D58B27113}.Debug|Win32.ActiveCfg = Debug|Win32
		{E9366A7F-FECA-1BAD-8565-D33D58B27113}.Debug|Win32.Build.0 = Debug|Win32
		{E9366A7F-FECA-1BAD-8565-D33D58B27113}.Debug|x64.ActiveCfg = Debug|x64
		{E9366A7F-FECA-1BAD-8565-D33D58B27113}.Debug|x64.Build.0 = Debug|x64
		{E9366A7F-FECA-1BAD-8565-D33D58B27113}.Release|Win32.ActiveCfg = Release|Win32
		{E9366A7F-FECA-1BAD-8565-D33D58B27113}.Release|Win32.Build.0 = Release|Win32
		{E9366A7F-FECA-1BAD-8565-D33D58B27113}.Release|x64.ActiveCfg = Release|x64
		{E9366A7F-FECA-1BAD-8565-D33D58B27113}.Release|x64.Build.0 = Release|x64
		{630D0A6F-FECA-1BAD-8565-D33D58B27113}.Debug|Win32.ActiveCfg = Debug|Win32
		{630D0A6F-FECA-1BAD-8565-D33D58B27113}.Debug|Win32.Build.0 = Debug|Win32
		{630D0A6F-FECA-1BAD-8565-D33D58B27113}.Debug|x64.ActiveCfg = Debug|x64
		{630D0A6F-FECA-1BAD-8565-D33D58B27113}.Debug|x64.Build.0 = Debug|x64
		{630D0A6F-FECA-1BAD-8565-D33D58B27113}.Release|Win32.ActiveCfg = Release|Win32
		{630D0A6F-FECA-1BAD-8565-D33D58B27113}.Release|Win32.Build.0 = Release|Win32
		{630D0A6F-FECA-1BAD-8565-D33D58B27113}.Release|x64.ActiveCfg = Release|x64
		{630D0A6F-FECA-1BAD-8565-D33D58B27113}.Release|x64.Build.0 = Release|x64
		{66D28DBA-FECA-1BAD-8565-D33D58B27113}.Debug|Win32.ActiveCfg = Debug|Win32
		{66D28DBA-FECA-1BAD-8565-D33D58B27113}.Debug|Win32.Build.0 = Debug|Win32
		{66D28DBA-FECA-1BAD-8565-D33D58B27113}.Debug|x64.ActiveCfg = Debug|x64
		{66D28DBA-FECA-1BAD-8565-D33D58B27113}.Debug|x64.Build.0 = Debug|x64
		{66D28DBA-FECA-1BAD-8565-D33D58B27113}.Release|Win32.ActiveCfg = Release|Win32
		{66D28DBA-FECA-1BAD-8565-D33D58B27113}.Release|Win32.Build.0 = Release|Win32
		{66D28DBA-FECA-1BAD-8565-D33D58B27113}.Release|x64.ActiveCfg = Release|x64
		{66D28DBA-FECA-1BAD-8565-D33D58B27113}.Release|x64.Build.0 = Release|x64
		{ECE9EDAA-FECA-1BAD-8565-D33D58B27113}.Debug|Win32.ActiveCfg = Debug|Win32
		{ECE9EDAA-FECA-1BAD-8565-D33D58B27113}.Debug|Win32.Build.0 = Debug|Win32
		{ECE9EDAA-FECA-1BAD-8565-D33D58B27113}.Debug|x64.ActiveCfg = Debug|x64
		{ECE9EDAA-FECA-1BAD-8565-D33D58B27113}.Debug|x64.Build.0 = Debug|x64
		{ECE9EDAA-FECA-1BAD-8565-D33D58B27113}.Release|Win32.ActiveCfg = Release|Win32
		{ECE9EDAA-FECA-1BAD-8565-D33D58B27113}.Release|Win32.Build.0 = Release|Win32
		{ECE9EDAA-FECA-1BAD-8565-D33D58B27113}.Release|x64.ActiveCfg = Release|x64
		{ECE9EDAA-FECA-1BAD-8565-D33D58B27113}.Release|x64.Build.0 = Release|x64
		{08892549-FECA-1BAD-8565-D33D58B27113}.Debug|Win32.ActiveCfg = Debug|Win32
		{08892549-FECA-1BAD-8565-D33D58B27113}.Debug|Win32.Build.0 = Debug|Win32
		{08892549-FECA-1BAD-8565-D33D58B27113}.Debug|x64.ActiveCfg = Debug|x64
		{08892549-FECA-1BAD-8565-D33D58B27113}.Debug|x64.Build.0 = Debug|x64
		{08892549-FECA-1BAD-8565-D33D58B27113}.Release|Win32.ActiveCfg = Release|Win32
		{08892549-FECA-1BAD-8565-D33D58B27113}.Release|Win32.Build.0 = Release|Win32
		{08892549-FECA-1BAD-8565-D33D58B27113}.Release|x64.ActiveCfg = Release|x64
		{08892549-FECA-1BAD-8565-D33D58B27113}.Release|x64.Build.0 = Release|x64
	EndGlobalSection
	GlobalSection(SolutionProperties) = preSolution
		HideSolutionNode = FALSE
	EndGlobalSection
EndGlobal
