
Microsoft Visual Studio Solution File, Format Version 9.00
# Visual Studio 2005
# $Id: VC8WorkspaceCreator.pm 1938 2010-11-30 12:59:04Z elliott_c $
#
# This file was generated by MPC.  Any changes made directly to
# this file will be lost the next time it is generated.
#
# MPC Command:
# /tmp/DOC_ROOT/stage-14548/ACE_wrappers/bin/mwc.pl -type vc8 -recurse -hierarchy -relative ACE_ROOT=/tmp/DOC_ROOT/stage-14548/ACE_wrappers -relative TAO_ROOT=/tmp/DOC_ROOT/stage-14548/ACE_wrappers/TAO -relative CIAO_ROOT=/tmp/DOC_ROOT/stage-14548/ACE_wrappers/TAO/CIAO -relative DANCE_ROOT=/tmp/DOC_ROOT/stage-14548/ACE_wrappers/TAO/DAnCE -name_modifier "*_vc8"
Project("{8BC9CEB8-8B4A-11D0-8D11-00A0C91BC942}") = "HTBP", "HTBP\HTBP_vc8.vcproj", "{E4032C9A-FECA-1BAD-D072-8A67F7EE4C1D}"
EndProject
Project("{8BC9CEB8-8B4A-11D0-8D11-00A0C91BC942}") = "FTP_Simple_exec", "INet\FTP_Simple_exec_vc8.vcproj", "{61B8BE0B-FECA-1BAD-F826-8A65F7EE4449}"
	ProjectSection(ProjectDependencies) = postProject
		{E4866C9A-FECA-1BAD-F826-8A65F7EE4449} = {E4866C9A-FECA-1BAD-F826-8A65F7EE4449}
	EndProjectSection
EndProject
Project("{8BC9CEB8-8B4A-11D0-8D11-00A0C91BC942}") = "HTTP_Simple_exec", "INet\HTTP_Simple_exec_vc8.vcproj", "{61B8F72B-FECA-1BAD-F826-8A65F7EE4449}"
	ProjectSection(ProjectDependencies) = postProject
		{E4866C9A-FECA-1BAD-F826-8A65F7EE4449} = {E4866C9A-FECA-1BAD-F826-8A65F7EE4449}
	EndProjectSection
EndProject
Project("{8BC9CEB8-8B4A-11D0-8D11-00A0C91BC942}") = "INet", "INet\INet_vc8.vcproj", "{E4866C9A-FECA-1BAD-F826-8A65F7EE4449}"
EndProject
Project("{8BC9CEB8-8B4A-11D0-8D11-00A0C91BC942}") = "RMCast", "RMCast\RMCast_vc8.vcproj", "{3C606CCC-FECA-1BAD-5646-8F0AEFF53BB3}"
EndProject
Project("{8BC9CEB8-8B4A-11D0-8D11-00A0C91BC942}") = "TMCast", "TMCast\TMCast_vc8.vcproj", "{3C606CCA-FECA-1BAD-5646-8F6AEF953BB3}"
EndProject
Global
	GlobalSection(SolutionConfigurationPlatforms) = preSolution
		Debug|Win32 = Debug|Win32
		Debug|x64 = Debug|x64
		Release|Win32 = Release|Win32
		Release|x64 = Release|x64
	EndGlobalSection
	GlobalSection(ProjectConfigurationPlatforms) = postSolution
		{E4032C9A-FECA-1BAD-D072-8A67F7EE4C1D}.Debug|Win32.ActiveCfg = Debug|Win32
		{E4032C9A-FECA-1BAD-D072-8A67F7EE4C1D}.Debug|Win32.Build.0 = Debug|Win32
		{E4032C9A-FECA-1BAD-D072-8A67F7EE4C1D}.Debug|x64.ActiveCfg = Debug|x64
		{E4032C9A-FECA-1BAD-D072-8A67F7EE4C1D}.Debug|x64.Build.0 = Debug|x64
		{E4032C9A-FECA-1BAD-D072-8A67F7EE4C1D}.Release|Win32.ActiveCfg = Release|Win32
		{E4032C9A-FECA-1BAD-D072-8A67F7EE4C1D}.Release|Win32.Build.0 = Release|Win32
		{E4032C9A-FECA-1BAD-D072-8A67F7EE4C1D}.Release|x64.ActiveCfg = Release|x64
		{E4032C9A-FECA-1BAD-D072-8A67F7EE4C1D}.Release|x64.Build.0 = Release|x64
		{61B8BE0B-FECA-1BAD-F826-8A65F7EE4449}.Debug|Win32.ActiveCfg = Debug|Win32
		{61B8BE0B-FECA-1BAD-F826-8A65F7EE4449}.Debug|Win32.Build.0 = Debug|Win32
		{61B8BE0B-FECA-1BAD-F826-8A65F7EE4449}.Debug|x64.ActiveCfg = Debug|x64
		{61B8BE0B-FECA-1BAD-F826-8A65F7EE4449}.Debug|x64.Build.0 = Debug|x64
		{61B8BE0B-FECA-1BAD-F826-8A65F7EE4449}.Release|Win32.ActiveCfg = Release|Win32
		{61B8BE0B-FECA-1BAD-F826-8A65F7EE4449}.Release|Win32.Build.0 = Release|Win32
		{61B8BE0B-FECA-1BAD-F826-8A65F7EE4449}.Release|x64.ActiveCfg = Release|x64
		{61B8BE0B-FECA-1BAD-F826-8A65F7EE4449}.Release|x64.Build.0 = Release|x64
		{61B8F72B-FECA-1BAD-F826-8A65F7EE4449}.Debug|Win32.ActiveCfg = Debug|Win32
		{61B8F72B-FECA-1BAD-F826-8A65F7EE4449}.Debug|Win32.Build.0 = Debug|Win32
		{61B8F72B-FECA-1BAD-F826-8A65F7EE4449}.Debug|x64.ActiveCfg = Debug|x64
		{61B8F72B-FECA-1BAD-F826-8A65F7EE4449}.Debug|x64.Build.0 = Debug|x64
		{61B8F72B-FECA-1BAD-F826-8A65F7EE4449}.Release|Win32.ActiveCfg = Release|Win32
		{61B8F72B-FECA-1BAD-F826-8A65F7EE4449}.Release|Win32.Build.0 = Release|Win32
		{61B8F72B-FECA-1BAD-F826-8A65F7EE4449}.Release|x64.ActiveCfg = Release|x64
		{61B8F72B-FECA-1BAD-F826-8A65F7EE4449}.Release|x64.Build.0 = Release|x64
		{E4866C9A-FECA-1BAD-F826-8A65F7EE4449}.Debug|Win32.ActiveCfg = Debug|Win32
		{E4866C9A-FECA-1BAD-F826-8A65F7EE4449}.Debug|Win32.Build.0 = Debug|Win32
		{E4866C9A-FECA-1BAD-F826-8A65F7EE4449}.Debug|x64.ActiveCfg = Debug|x64
		{E4866C9A-FECA-1BAD-F826-8A65F7EE4449}.Debug|x64.Build.0 = Debug|x64
		{E4866C9A-FECA-1BAD-F826-8A65F7EE4449}.Release|Win32.ActiveCfg = Release|Win32
		{E4866C9A-FECA-1BAD-F826-8A65F7EE4449}.Release|Win32.Build.0 = Release|Win32
		{E4866C9A-FECA-1BAD-F826-8A65F7EE4449}.Release|x64.ActiveCfg = Release|x64
		{E4866C9A-FECA-1BAD-F826-8A65F7EE4449}.Release|x64.Build.0 = Release|x64
		{3C606CCC-FECA-1BAD-5646-8F0AEFF53BB3}.Debug|Win32.ActiveCfg = Debug|Win32
		{3C606CCC-FECA-1BAD-5646-8F0AEFF53BB3}.Debug|Win32.Build.0 = Debug|Win32
		{3C606CCC-FECA-1BAD-5646-8F0AEFF53BB3}.Debug|x64.ActiveCfg = Debug|x64
		{3C606CCC-FECA-1BAD-5646-8F0AEFF53BB3}.Debug|x64.Build.0 = Debug|x64
		{3C606CCC-FECA-1BAD-5646-8F0AEFF53BB3}.Release|Win32.ActiveCfg = Release|Win32
		{3C606CCC-FECA-1BAD-5646-8F0AEFF53BB3}.Release|Win32.Build.0 = Release|Win32
		{3C606CCC-FECA-1BAD-5646-8F0AEFF53BB3}.Release|x64.ActiveCfg = Release|x64
		{3C606CCC-FECA-1BAD-5646-8F0AEFF53BB3}.Release|x64.Build.0 = Release|x64
		{3C606CCA-FECA-1BAD-5646-8F6AEF953BB3}.Debug|Win32.ActiveCfg = Debug|Win32
		{3C606CCA-FECA-1BAD-5646-8F6AEF953BB3}.Debug|Win32.Build.0 = Debug|Win32
		{3C606CCA-FECA-1BAD-5646-8F6AEF953BB3}.Debug|x64.ActiveCfg = Debug|x64
		{3C606CCA-FECA-1BAD-5646-8F6AEF953BB3}.Debug|x64.Build.0 = Debug|x64
		{3C606CCA-FECA-1BAD-5646-8F6AEF953BB3}.Release|Win32.ActiveCfg = Release|Win32
		{3C606CCA-FECA-1BAD-5646-8F6AEF953BB3}.Release|Win32.Build.0 = Release|Win32
		{3C606CCA-FECA-1BAD-5646-8F6AEF953BB3}.Release|x64.ActiveCfg = Release|x64
		{3C606CCA-FECA-1BAD-5646-8F6AEF953BB3}.Release|x64.Build.0 = Release|x64
	EndGlobalSection
	GlobalSection(SolutionProperties) = preSolution
		HideSolutionNode = FALSE
	EndGlobalSection
EndGlobal
