
Microsoft Visual Studio Solution File, Format Version 9.00
# Visual Studio 2005
# $Id: VC8WorkspaceCreator.pm 1938 2010-11-30 12:59:04Z elliott_c $
#
# This file was generated by MPC.  Any changes made directly to
# this file will be lost the next time it is generated.
#
# MPC Command:
# /tmp/DOC_ROOT/stage-14548/ACE_wrappers/bin/mwc.pl -type vc8 -recurse -hierarchy -relative ACE_ROOT=/tmp/DOC_ROOT/stage-14548/ACE_wrappers -relative TAO_ROOT=/tmp/DOC_ROOT/stage-14548/ACE_wrappers/TAO -relative CIAO_ROOT=/tmp/DOC_ROOT/stage-14548/ACE_wrappers/TAO/CIAO -relative DANCE_ROOT=/tmp/DOC_ROOT/stage-14548/ACE_wrappers/TAO/DAnCE -name_modifier "*_vc8"
Project("{8BC9CEB8-8B4A-11D0-8D11-00A0C91BC942}") = "Connection_Non_Blocking_LSockClient", "Connection_Non_Blocking_LSockClient_vc8.vcproj", "{B2C39438-FECA-1BAD-D57C-7CD528BEBF5B}"
EndProject
Project("{8BC9CEB8-8B4A-11D0-8D11-00A0C91BC942}") = "Connection_Non_Blocking_LSockServer", "Connection_Non_Blocking_LSockServer_vc8.vcproj", "{38F8F428-FECA-1BAD-D57C-7CD528BEBF5B}"
EndProject
Project("{8BC9CEB8-8B4A-11D0-8D11-00A0C91BC942}") = "Connection_Non_Blocking_SPipeClient", "Connection_Non_Blocking_SPipeClient_vc8.vcproj", "{B330E7D8-FECA-1BAD-D57C-7CD528BEBF5B}"
EndProject
Project("{8BC9CEB8-8B4A-11D0-8D11-00A0C91BC942}") = "Connection_Non_Blocking_SPipeServer", "Connection_Non_Blocking_SPipeServer_vc8.vcproj", "{390B87C8-FECA-1BAD-D57C-7CD528BEBF5B}"
EndProject
Project("{8BC9CEB8-8B4A-11D0-8D11-00A0C91BC942}") = "Connection_Non_Blocking_SockClient", "Connection_Non_Blocking_SockClient_vc8.vcproj", "{7D6E4FBA-FECA-1BAD-D57C-7CD528BEBF5B}"
EndProject
Project("{8BC9CEB8-8B4A-11D0-8D11-00A0C91BC942}") = "Connection_Non_Blocking_SockServer", "Connection_Non_Blocking_SockServer_vc8.vcproj", "{F7552FAA-FECA-1BAD-D57C-7CD528BEBF5B}"
EndProject
Project("{8BC9CEB8-8B4A-11D0-8D11-00A0C91BC942}") = "Connection_Non_Blocking_TLIClient", "Connection_Non_Blocking_TLIClient_vc8.vcproj", "{51880F22-FECA-1BAD-D57C-7CD528BEBF5B}"
EndProject
Project("{8BC9CEB8-8B4A-11D0-8D11-00A0C91BC942}") = "Connection_Non_Blocking_TLIServer", "Connection_Non_Blocking_TLIServer_vc8.vcproj", "{DBB36F32-FECA-1BAD-D57C-7CD528BEBF5B}"
EndProject
Global
	GlobalSection(SolutionConfigurationPlatforms) = preSolution
		Debug|Win32 = Debug|Win32
		Debug|x64 = Debug|x64
		Release|Win32 = Release|Win32
		Release|x64 = Release|x64
	EndGlobalSection
	GlobalSection(ProjectConfigurationPlatforms) = postSolution
		{B2C39438-FECA-1BAD-D57C-7CD528BEBF5B}.Debug|Win32.ActiveCfg = Debug|Win32
		{B2C39438-FECA-1BAD-D57C-7CD528BEBF5B}.Debug|Win32.Build.0 = Debug|Win32
		{B2C39438-FECA-1BAD-D57C-7CD528BEBF5B}.Debug|x64.ActiveCfg = Debug|x64
		{B2C39438-FECA-1BAD-D57C-7CD528BEBF5B}.Debug|x64.Build.0 = Debug|x64
		{B2C39438-FECA-1BAD-D57C-7CD528BEBF5B}.Release|Win32.ActiveCfg = Release|Win32
		{B2C39438-FECA-1BAD-D57C-7CD528BEBF5B}.Release|Win32.Build.0 = Release|Win32
		{B2C39438-FECA-1BAD-D57C-7CD528BEBF5B}.Release|x64.ActiveCfg = Release|x64
		{B2C39438-FECA-1BAD-D57C-7CD528BEBF5B}.Release|x64.Build.0 = Release|x64
		{38F8F428-FECA-1BAD-D57C-7CD528BEBF5B}.Debug|Win32.ActiveCfg = Debug|Win32
		{38F8F428-FECA-1BAD-D57C-7CD528BEBF5B}.Debug|Win32.Build.0 = Debug|Win32
		{38F8F428-FECA-1BAD-D57C-7CD528BEBF5B}.Debug|x64.ActiveCfg = Debug|x64
		{38F8F428-FECA-1BAD-D57C-7CD528BEBF5B}.Debug|x64.Build.0 = Debug|x64
		{38F8F428-FECA-1BAD-D57C-7CD528BEBF5B}.Release|Win32.ActiveCfg = Release|Win32
		{38F8F428-FECA-1BAD-D57C-7CD528BEBF5B}.Release|Win32.Build.0 = Release|Win32
		{38F8F428-FECA-1BAD-D57C-7CD528BEBF5B}.Release|x64.ActiveCfg = Release|x64
		{38F8F428-FECA-1BAD-D57C-7CD528BEBF5B}.Release|x64.Build.0 = Release|x64
		{B330E7D8-FECA-1BAD-D57C-7CD528BEBF5B}.Debug|Win32.ActiveCfg = Debug|Win32
		{B330E7D8-FECA-1BAD-D57C-7CD528BEBF5B}.Debug|Win32.Build.0 = Debug|Win32
		{B330E7D8-FECA-1BAD-D57C-7CD528BEBF5B}.Debug|x64.ActiveCfg = Debug|x64
		{B330E7D8-FECA-1BAD-D57C-7CD528BEBF5B}.Debug|x64.Build.0 = Debug|x64
		{B330E7D8-FECA-1BAD-D57C-7CD528BEBF5B}.Release|Win32.ActiveCfg = Release|Win32
		{B330E7D8-FECA-1BAD-D57C-7CD528BEBF5B}.Release|Win32.Build.0 = Release|Win32
		{B330E7D8-FECA-1BAD-D57C-7CD528BEBF5B}.Release|x64.ActiveCfg = Release|x64
		{B330E7D8-FECA-1BAD-D57C-7CD528BEBF5B}.Release|x64.Build.0 = Release|x64
		{390B87C8-FECA-1BAD-D57C-7CD528BEBF5B}.Debug|Win32.ActiveCfg = Debug|Win32
		{390B87C8-FECA-1BAD-D57C-7CD528BEBF5B}.Debug|Win32.Build.0 = Debug|Win32
		{390B87C8-FECA-1BAD-D57C-7CD528BEBF5B}.Debug|x64.ActiveCfg = Debug|x64
		{390B87C8-FECA-1BAD-D57C-7CD528BEBF5B}.Debug|x64.Build.0 = Debug|x64
		{390B87C8-FECA-1BAD-D57C-7CD528BEBF5B}.Release|Win32.ActiveCfg = Release|Win32
		{390B87C8-FECA-1BAD-D57C-7CD528BEBF5B}.Release|Win32.Build.0 = Release|Win32
		{390B87C8-FECA-1BAD-D57C-7CD528BEBF5B}.Release|x64.ActiveCfg = Release|x64
		{390B87C8-FECA-1BAD-D57C-7CD528BEBF5B}.Release|x64.Build.0 = Release|x64
		{7D6E4FBA-FECA-1BAD-D57C-7CD528BEBF5B}.Debug|Win32.ActiveCfg = Debug|Win32
		{7D6E4FBA-FECA-1BAD-D57C-7CD528BEBF5B}.Debug|Win32.Build.0 = Debug|Win32
		{7D6E4FBA-FECA-1BAD-D57C-7CD528BEBF5B}.Debug|x64.ActiveCfg = Debug|x64
		{7D6E4FBA-FECA-1BAD-D57C-7CD528BEBF5B}.Debug|x64.Build.0 = Debug|x64
		{7D6E4FBA-FECA-1BAD-D57C-7CD528BEBF5B}.Release|Win32.ActiveCfg = Release|Win32
		{7D6E4FBA-FECA-1BAD-D57C-7CD528BEBF5B}.Release|Win32.Build.0 = Release|Win32
		{7D6E4FBA-FECA-1BAD-D57C-7CD528BEBF5B}.Release|x64.ActiveCfg = Release|x64
		{7D6E4FBA-FECA-1BAD-D57C-7CD528BEBF5B}.Release|x64.Build.0 = Release|x64
		{F7552FAA-FECA-1BAD-D57C-7CD528BEBF5B}.Debug|Win32.ActiveCfg = Debug|Win32
		{F7552FAA-FECA-1BAD-D57C-7CD528BEBF5B}.Debug|Win32.Build.0 = Debug|Win32
		{F7552FAA-FECA-1BAD-D57C-7CD528BEBF5B}.Debug|x64.ActiveCfg = Debug|x64
		{F7552FAA-FECA-1BAD-D57C-7CD528BEBF5B}.Debug|x64.Build.0 = Debug|x64
		{F7552FAA-FECA-1BAD-D57C-7CD528BEBF5B}.Release|Win32.ActiveCfg = Release|Win32
		{F7552FAA-FECA-1BAD-D57C-7CD528BEBF5B}.Release|Win32.Build.0 = Release|Win32
		{F7552FAA-FECA-1BAD-D57C-7CD528BEBF5B}.Release|x64.ActiveCfg = Release|x64
		{F7552FAA-FECA-1BAD-D57C-7CD528BEBF5B}.Release|x64.Build.0 = Release|x64
		{51880F22-FECA-1BAD-D57C-7CD528BEBF5B}.Debug|Win32.ActiveCfg = Debug|Win32
		{51880F22-FECA-1BAD-D57C-7CD528BEBF5B}.Debug|Win32.Build.0 = Debug|Win32
		{51880F22-FECA-1BAD-D57C-7CD528BEBF5B}.Debug|x64.ActiveCfg = Debug|x64
		{51880F22-FECA-1BAD-D57C-7CD528BEBF5B}.Debug|x64.Build.0 = Debug|x64
		{51880F22-FECA-1BAD-D57C-7CD528BEBF5B}.Release|Win32.ActiveCfg = Release|Win32
		{51880F22-FECA-1BAD-D57C-7CD528BEBF5B}.Release|Win32.Build.0 = Release|Win32
		{51880F22-FECA-1BAD-D57C-7CD528BEBF5B}.Release|x64.ActiveCfg = Release|x64
		{51880F22-FECA-1BAD-D57C-7CD528BEBF5B}.Release|x64.Build.0 = Release|x64
		{DBB36F32-FECA-1BAD-D57C-7CD528BEBF5B}.Debug|Win32.ActiveCfg = Debug|Win32
		{DBB36F32-FECA-1BAD-D57C-7CD528BEBF5B}.Debug|Win32.Build.0 = Debug|Win32
		{DBB36F32-FECA-1BAD-D57C-7CD528BEBF5B}.Debug|x64.ActiveCfg = Debug|x64
		{DBB36F32-FECA-1BAD-D57C-7CD528BEBF5B}.Debug|x64.Build.0 = Debug|x64
		{DBB36F32-FECA-1BAD-D57C-7CD528BEBF5B}.Release|Win32.ActiveCfg = Release|Win32
		{DBB36F32-FECA-1BAD-D57C-7CD528BEBF5B}.Release|Win32.Build.0 = Release|Win32
		{DBB36F32-FECA-1BAD-D57C-7CD528BEBF5B}.Release|x64.ActiveCfg = Release|x64
		{DBB36F32-FECA-1BAD-D57C-7CD528BEBF5B}.Release|x64.Build.0 = Release|x64
	EndGlobalSection
	GlobalSection(SolutionProperties) = preSolution
		HideSolutionNode = FALSE
	EndGlobalSection
EndGlobal
