
Microsoft Visual Studio Solution File, Format Version 9.00
# Visual Studio 2005
# $Id: VC8WorkspaceCreator.pm 1938 2010-11-30 12:59:04Z elliott_c $
#
# This file was generated by MPC.  Any changes made directly to
# this file will be lost the next time it is generated.
#
# MPC Command:
# /tmp/DOC_ROOT/stage-14548/ACE_wrappers/bin/mwc.pl -type vc8 -recurse -hierarchy -relative ACE_ROOT=/tmp/DOC_ROOT/stage-14548/ACE_wrappers -relative TAO_ROOT=/tmp/DOC_ROOT/stage-14548/ACE_wrappers/TAO -relative CIAO_ROOT=/tmp/DOC_ROOT/stage-14548/ACE_wrappers/TAO/CIAO -relative DANCE_ROOT=/tmp/DOC_ROOT/stage-14548/ACE_wrappers/TAO/DAnCE -name_modifier "*_vc8"
Project("{8BC9CEB8-8B4A-11D0-8D11-00A0C91BC942}") = "SCTP_SOCK_SEQPACK_Association_Test", "SCTP_SOCK_SEQPACK_Association_Test_vc8.vcproj", "{A081331A-FECA-1BAD-7612-8A66F3FD4CB6}"
EndProject
Project("{8BC9CEB8-8B4A-11D0-8D11-00A0C91BC942}") = "SCTP_SOCK_SEQPACK_Clt", "SCTP_SOCK_SEQPACK_Clt_vc8.vcproj", "{DE3A8F7F-FECA-1BAD-7612-8A66F3FD4CB6}"
EndProject
Project("{8BC9CEB8-8B4A-11D0-8D11-00A0C91BC942}") = "SCTP_SOCK_SEQPACK_Srv", "SCTP_SOCK_SEQPACK_Srv_vc8.vcproj", "{DF24AF7F-FECA-1BAD-7612-8A66F3FD4CB6}"
EndProject
Project("{8BC9CEB8-8B4A-11D0-8D11-00A0C91BC942}") = "SCTP_SOCK_STREAM_Clt", "SCTP_SOCK_STREAM_Clt_vc8.vcproj", "{0B9820F4-FECA-1BAD-7612-8A66F3FD4CB6}"
EndProject
Project("{8BC9CEB8-8B4A-11D0-8D11-00A0C91BC942}") = "SCTP_SOCK_STREAM_Srv", "SCTP_SOCK_STREAM_Srv_vc8.vcproj", "{0A8600F4-FECA-1BAD-7612-8A66F3FD4CB6}"
EndProject
Global
	GlobalSection(SolutionConfigurationPlatforms) = preSolution
		Debug|Win32 = Debug|Win32
		Debug|x64 = Debug|x64
		Release|Win32 = Release|Win32
		Release|x64 = Release|x64
	EndGlobalSection
	GlobalSection(ProjectConfigurationPlatforms) = postSolution
		{A081331A-FECA-1BAD-7612-8A66F3FD4CB6}.Debug|Win32.ActiveCfg = Debug|Win32
		{A081331A-FECA-1BAD-7612-8A66F3FD4CB6}.Debug|Win32.Build.0 = Debug|Win32
		{A081331A-FECA-1BAD-7612-8A66F3FD4CB6}.Debug|x64.ActiveCfg = Debug|x64
		{A081331A-FECA-1BAD-7612-8A66F3FD4CB6}.Debug|x64.Build.0 = Debug|x64
		{A081331A-FECA-1BAD-7612-8A66F3FD4CB6}.Release|Win32.ActiveCfg = Release|Win32
		{A081331A-FECA-1BAD-7612-8A66F3FD4CB6}.Release|Win32.Build.0 = Release|Win32
		{A081331A-FECA-1BAD-7612-8A66F3FD4CB6}.Release|x64.ActiveCfg = Release|x64
		{A081331A-FECA-1BAD-7612-8A66F3FD4CB6}.Release|x64.Build.0 = Release|x64
		{DE3A8F7F-FECA-1BAD-7612-8A66F3FD4CB6}.Debug|Win32.ActiveCfg = Debug|Win32
		{DE3A8F7F-FECA-1BAD-7612-8A66F3FD4CB6}.Debug|Win32.Build.0 = Debug|Win32
		{DE3A8F7F-FECA-1BAD-7612-8A66F3FD4CB6}.Debug|x64.ActiveCfg = Debug|x64
		{DE3A8F7F-FECA-1BAD-7612-8A66F3FD4CB6}.Debug|x64.Build.0 = Debug|x64
		{DE3A8F7F-FECA-1BAD-7612-8A66F3FD4CB6}.Release|Win32.ActiveCfg = Release|Win32
		{DE3A8F7F-FECA-1BAD-7612-8A66F3FD4CB6}.Release|Win32.Build.0 = Release|Win32
		{DE3A8F7F-FECA-1BAD-7612-8A66F3FD4CB6}.Release|x64.ActiveCfg = Release|x64
		{DE3A8F7F-FECA-1BAD-7612-8A66F3FD4CB6}.Release|x64.Build.0 = Release|x64
		{DF24AF7F-FECA-1BAD-7612-8A66F3FD4CB6}.Debug|Win32.ActiveCfg = Debug|Win32
		{DF24AF7F-FECA-1BAD-7612-8A66F3FD4CB6}.Debug|Win32.Build.0 = Debug|Win32
		{DF24AF7F-FECA-1BAD-7612-8A66F3FD4CB6}.Debug|x64.ActiveCfg = Debug|x64
		{DF24AF7F-FECA-1BAD-7612-8A66F3FD4CB6}.Debug|x64.Build.0 = Debug|x64
		{DF24AF7F-FECA-1BAD-7612-8A66F3FD4CB6}.Release|Win32.ActiveCfg = Release|Win32
		{DF24AF7F-FECA-1BAD-7612-8A66F3FD4CB6}.Release|Win32.Build.0 = Release|Win32
		{DF24AF7F-FECA-1BAD-7612-8A66F3FD4CB6}.Release|x64.ActiveCfg = Release|x64
		{DF24AF7F-FECA-1BAD-7612-8A66F3FD4CB6}.Release|x64.Build.0 = Release|x64
		{0B9820F4-FECA-1BAD-7612-8A66F3FD4CB6}.Debug|Win32.ActiveCfg = Debug|Win32
		{0B9820F4-FECA-1BAD-7612-8A66F3FD4CB6}.Debug|Win32.Build.0 = Debug|Win32
		{0B9820F4-FECA-1BAD-7612-8A66F3FD4CB6}.Debug|x64.ActiveCfg = Debug|x64
		{0B9820F4-FECA-1BAD-7612-8A66F3FD4CB6}.Debug|x64.Build.0 = Debug|x64
		{0B9820F4-FECA-1BAD-7612-8A66F3FD4CB6}.Release|Win32.ActiveCfg = Release|Win32
		{0B9820F4-FECA-1BAD-7612-8A66F3FD4CB6}.Release|Win32.Build.0 = Release|Win32
		{0B9820F4-FECA-1BAD-7612-8A66F3FD4CB6}.Release|x64.ActiveCfg = Release|x64
		{0B9820F4-FECA-1BAD-7612-8A66F3FD4CB6}.Release|x64.Build.0 = Release|x64
		{0A8600F4-FECA-1BAD-7612-8A66F3FD4CB6}.Debug|Win32.ActiveCfg = Debug|Win32
		{0A8600F4-FECA-1BAD-7612-8A66F3FD4CB6}.Debug|Win32.Build.0 = Debug|Win32
		{0A8600F4-FECA-1BAD-7612-8A66F3FD4CB6}.Debug|x64.ActiveCfg = Debug|x64
		{0A8600F4-FECA-1BAD-7612-8A66F3FD4CB6}.Debug|x64.Build.0 = Debug|x64
		{0A8600F4-FECA-1BAD-7612-8A66F3FD4CB6}.Release|Win32.ActiveCfg = Release|Win32
		{0A8600F4-FECA-1BAD-7612-8A66F3FD4CB6}.Release|Win32.Build.0 = Release|Win32
		{0A8600F4-FECA-1BAD-7612-8A66F3FD4CB6}.Release|x64.ActiveCfg = Release|x64
		{0A8600F4-FECA-1BAD-7612-8A66F3FD4CB6}.Release|x64.Build.0 = Release|x64
	EndGlobalSection
	GlobalSection(SolutionProperties) = preSolution
		HideSolutionNode = FALSE
	EndGlobalSection
EndGlobal
